<?xml version="1.0" encoding="UTF-8"?>
<!DOCTYPE plist PUBLIC "-//Apple//DTD PLIST 1.0//EN" "http://www.apple.com/DTDs/PropertyList-1.0.dtd">
<plist version="1.0">
<dict>
	<key>archiveVersion</key>
	<string>1</string>
	<key>classes</key>
	<dict/>
	<key>objectVersion</key>
	<string>46</string>
	<key>objects</key>
	<dict>
		<key>15401A52267809B6569D8176</key>
		<dict>
			<key>includeInIndex</key>
			<string>1</string>
			<key>isa</key>
			<string>PBXFileReference</string>
			<key>lastKnownFileType</key>
			<string>text.xcconfig</string>
			<key>name</key>
			<string>Pods-SaguaroDataModel.release.xcconfig</string>
			<key>path</key>
			<string>Pods/Target Support Files/Pods-SaguaroDataModel/Pods-SaguaroDataModel.release.xcconfig</string>
			<key>sourceTree</key>
			<string>&lt;group&gt;</string>
		</dict>
		<key>2D2507D404292FA6FD8C4231</key>
		<dict>
			<key>buildActionMask</key>
			<string>2147483647</string>
			<key>files</key>
			<array/>
			<key>inputPaths</key>
			<array/>
			<key>isa</key>
			<string>PBXShellScriptBuildPhase</string>
			<key>name</key>
			<string>[CP] Check Pods Manifest.lock</string>
			<key>outputPaths</key>
			<array/>
			<key>runOnlyForDeploymentPostprocessing</key>
			<string>0</string>
			<key>shellPath</key>
			<string>/bin/sh</string>
			<key>shellScript</key>
			<string>diff "${PODS_ROOT}/../Podfile.lock" "${PODS_ROOT}/Manifest.lock" &gt; /dev/null
if [[ $? != 0 ]] ; then
    cat &lt;&lt; EOM
error: The sandbox is not in sync with the Podfile.lock. Run 'pod install' or update your CocoaPods installation.
EOM
    exit 1
fi
</string>
			<key>showEnvVarsInLog</key>
			<string>0</string>
		</dict>
		<key>3295D373FA30E0F8757334CC</key>
		<dict>
			<key>includeInIndex</key>
			<string>1</string>
			<key>isa</key>
			<string>PBXFileReference</string>
			<key>lastKnownFileType</key>
			<string>text.xcconfig</string>
			<key>name</key>
			<string>Pods-SaguaroDataModelTests.debug.xcconfig</string>
			<key>path</key>
			<string>Pods/Target Support Files/Pods-SaguaroDataModelTests/Pods-SaguaroDataModelTests.debug.xcconfig</string>
			<key>sourceTree</key>
			<string>&lt;group&gt;</string>
		</dict>
		<key>4FE71AA6BFF46301C76D716C</key>
		<dict>
			<key>includeInIndex</key>
			<string>1</string>
			<key>isa</key>
			<string>PBXFileReference</string>
			<key>lastKnownFileType</key>
			<string>text.xcconfig</string>
			<key>name</key>
			<string>Pods-SaguaroDataModel.debug.xcconfig</string>
			<key>path</key>
			<string>Pods/Target Support Files/Pods-SaguaroDataModel/Pods-SaguaroDataModel.debug.xcconfig</string>
			<key>sourceTree</key>
			<string>&lt;group&gt;</string>
		</dict>
		<key>58E6245F08227245CEA77359</key>
		<dict>
			<key>explicitFileType</key>
			<string>wrapper.framework</string>
			<key>includeInIndex</key>
			<string>0</string>
			<key>isa</key>
			<string>PBXFileReference</string>
			<key>path</key>
			<string>Pods_SaguaroDataModelTests.framework</string>
			<key>sourceTree</key>
			<string>BUILT_PRODUCTS_DIR</string>
		</dict>
		<key>630AFCFE248E9D97C1D830FD</key>
		<dict>
			<key>buildActionMask</key>
			<string>2147483647</string>
			<key>files</key>
			<array/>
			<key>inputPaths</key>
			<array/>
			<key>isa</key>
			<string>PBXShellScriptBuildPhase</string>
			<key>name</key>
			<string>[CP] Embed Pods Frameworks</string>
			<key>outputPaths</key>
			<array/>
			<key>runOnlyForDeploymentPostprocessing</key>
			<string>0</string>
			<key>shellPath</key>
			<string>/bin/sh</string>
			<key>shellScript</key>
			<string>"${SRCROOT}/Pods/Target Support Files/Pods-SaguaroDataModelTests/Pods-SaguaroDataModelTests-frameworks.sh"
</string>
			<key>showEnvVarsInLog</key>
			<string>0</string>
		</dict>
		<key>7131E4D8B9B5D9619E2D5FBF</key>
		<dict>
			<key>buildActionMask</key>
			<string>2147483647</string>
			<key>files</key>
			<array/>
			<key>inputPaths</key>
			<array/>
			<key>isa</key>
			<string>PBXShellScriptBuildPhase</string>
			<key>name</key>
			<string>[CP] Copy Pods Resources</string>
			<key>outputPaths</key>
			<array/>
			<key>runOnlyForDeploymentPostprocessing</key>
			<string>0</string>
			<key>shellPath</key>
			<string>/bin/sh</string>
			<key>shellScript</key>
			<string>"${SRCROOT}/Pods/Target Support Files/Pods-SaguaroDataModelTests/Pods-SaguaroDataModelTests-resources.sh"
</string>
			<key>showEnvVarsInLog</key>
			<string>0</string>
		</dict>
		<key>7F2A1942BD41CE28C3C6024F</key>
		<dict>
			<key>explicitFileType</key>
			<string>wrapper.framework</string>
			<key>includeInIndex</key>
			<string>0</string>
			<key>isa</key>
			<string>PBXFileReference</string>
			<key>path</key>
			<string>Pods_SaguaroDataModel.framework</string>
			<key>sourceTree</key>
			<string>BUILT_PRODUCTS_DIR</string>
		</dict>
		<key>9E0031909B536C2D68D58E76</key>
		<dict>
			<key>fileRef</key>
			<string>7F2A1942BD41CE28C3C6024F</string>
			<key>isa</key>
			<string>PBXBuildFile</string>
		</dict>
		<key>AEF2B5212D64385D42D771F5</key>
		<dict>
			<key>buildActionMask</key>
			<string>2147483647</string>
			<key>files</key>
			<array/>
			<key>inputPaths</key>
			<array/>
			<key>isa</key>
			<string>PBXShellScriptBuildPhase</string>
			<key>name</key>
			<string>[CP] Copy Pods Resources</string>
			<key>outputPaths</key>
			<array/>
			<key>runOnlyForDeploymentPostprocessing</key>
			<string>0</string>
			<key>shellPath</key>
			<string>/bin/sh</string>
			<key>shellScript</key>
			<string>"${SRCROOT}/Pods/Target Support Files/Pods-SaguaroDataModel/Pods-SaguaroDataModel-resources.sh"
</string>
			<key>showEnvVarsInLog</key>
			<string>0</string>
		</dict>
		<key>B6E9297C56C23A521C17145F</key>
		<dict>
			<key>buildActionMask</key>
			<string>2147483647</string>
			<key>files</key>
			<array/>
			<key>inputPaths</key>
			<array/>
			<key>isa</key>
			<string>PBXShellScriptBuildPhase</string>
			<key>name</key>
			<string>Embed Pods Frameworks</string>
			<key>outputPaths</key>
			<array/>
			<key>runOnlyForDeploymentPostprocessing</key>
			<string>0</string>
			<key>shellPath</key>
			<string>/bin/sh</string>
			<key>shellScript</key>
			<string>"${SRCROOT}/Pods/Target Support Files/Pods-SaguaroDataModelTests/Pods-SaguaroDataModelTests-frameworks.sh"
</string>
			<key>showEnvVarsInLog</key>
			<string>0</string>
		</dict>
		<key>BA491F951B64333000239C36</key>
		<dict>
			<key>children</key>
			<array>
				<string>BA491FA11B64333000239C36</string>
				<string>BA491FAD1B64333000239C36</string>
				<string>BA491FA01B64333000239C36</string>
				<string>ED41BDAEAD601829172B9728</string>
				<string>F0BC8F00FB07943BE42BAA7C</string>
			</array>
			<key>isa</key>
			<string>PBXGroup</string>
			<key>sourceTree</key>
			<string>&lt;group&gt;</string>
		</dict>
		<key>BA491F961B64333000239C36</key>
		<dict>
			<key>attributes</key>
			<dict>
				<key>LastSwiftUpdateCheck</key>
				<string>0700</string>
				<key>LastUpgradeCheck</key>
				<string>0800</string>
				<key>ORGANIZATIONNAME</key>
				<string>darryl west</string>
				<key>TargetAttributes</key>
				<dict>
					<key>BA491F9E1B64333000239C36</key>
					<dict>
						<key>CreatedOnToolsVersion</key>
						<string>7.0</string>
						<key>LastSwiftMigration</key>
						<string>0800</string>
					</dict>
					<key>BA491FA81B64333000239C36</key>
					<dict>
						<key>CreatedOnToolsVersion</key>
						<string>7.0</string>
						<key>LastSwiftMigration</key>
						<string>0800</string>
					</dict>
				</dict>
			</dict>
			<key>buildConfigurationList</key>
			<string>BA491F991B64333000239C36</string>
			<key>compatibilityVersion</key>
			<string>Xcode 3.2</string>
			<key>developmentRegion</key>
			<string>English</string>
			<key>hasScannedForEncodings</key>
			<string>0</string>
			<key>isa</key>
			<string>PBXProject</string>
			<key>knownRegions</key>
			<array>
				<string>en</string>
			</array>
			<key>mainGroup</key>
			<string>BA491F951B64333000239C36</string>
			<key>productRefGroup</key>
			<string>BA491FA01B64333000239C36</string>
			<key>projectDirPath</key>
			<string></string>
			<key>projectReferences</key>
			<array/>
			<key>projectRoot</key>
			<string></string>
			<key>targets</key>
			<array>
				<string>BA491F9E1B64333000239C36</string>
				<string>BA491FA81B64333000239C36</string>
			</array>
		</dict>
		<key>BA491F991B64333000239C36</key>
		<dict>
			<key>buildConfigurations</key>
			<array>
				<string>BA491FB11B64333000239C36</string>
				<string>BA491FB21B64333000239C36</string>
			</array>
			<key>defaultConfigurationIsVisible</key>
			<string>0</string>
			<key>defaultConfigurationName</key>
			<string>Release</string>
			<key>isa</key>
			<string>XCConfigurationList</string>
		</dict>
		<key>BA491F9A1B64333000239C36</key>
		<dict>
			<key>buildActionMask</key>
			<string>2147483647</string>
			<key>files</key>
			<array>
				<string>BA491FC91B6433D100239C36</string>
				<string>BAF6C6EB1B8119C700C1B4BE</string>
				<string>BA491FC41B6433D100239C36</string>
				<string>BA491FC81B6433D100239C36</string>
				<string>BA491FC71B6433D100239C36</string>
				<string>BA491FCA1B6433D100239C36</string>
				<string>BA491FCC1B6433D100239C36</string>
				<string>BA491FCB1B6433D100239C36</string>
				<string>BAF6C6E51B810AF500C1B4BE</string>
				<string>BAFD32DE1BAF369A003ACF8F</string>
				<string>BA491FC61B6433D100239C36</string>
				<string>BA4BB3DB1BAF31D9005BD770</string>
			</array>
			<key>isa</key>
			<string>PBXSourcesBuildPhase</string>
			<key>runOnlyForDeploymentPostprocessing</key>
			<string>0</string>
		</dict>
		<key>BA491F9B1B64333000239C36</key>
		<dict>
			<key>buildActionMask</key>
			<string>2147483647</string>
			<key>files</key>
			<array>
				<string>9E0031909B536C2D68D58E76</string>
			</array>
			<key>isa</key>
			<string>PBXFrameworksBuildPhase</string>
			<key>runOnlyForDeploymentPostprocessing</key>
			<string>0</string>
		</dict>
		<key>BA491F9C1B64333000239C36</key>
		<dict>
			<key>buildActionMask</key>
			<string>2147483647</string>
			<key>files</key>
			<array>
				<string>BA491FA31B64333000239C36</string>
			</array>
			<key>isa</key>
			<string>PBXHeadersBuildPhase</string>
			<key>runOnlyForDeploymentPostprocessing</key>
			<string>0</string>
		</dict>
		<key>BA491F9D1B64333000239C36</key>
		<dict>
			<key>buildActionMask</key>
			<string>2147483647</string>
			<key>files</key>
			<array/>
			<key>isa</key>
			<string>PBXResourcesBuildPhase</string>
			<key>runOnlyForDeploymentPostprocessing</key>
			<string>0</string>
		</dict>
		<key>BA491F9E1B64333000239C36</key>
		<dict>
			<key>buildConfigurationList</key>
			<string>BA491FB31B64333000239C36</string>
			<key>buildPhases</key>
			<array>
				<string>D129B8007CF207D8A9B8CA30</string>
				<string>BA491F9A1B64333000239C36</string>
				<string>BA491F9B1B64333000239C36</string>
				<string>BA491F9C1B64333000239C36</string>
				<string>BA491F9D1B64333000239C36</string>
				<string>AEF2B5212D64385D42D771F5</string>
			</array>
			<key>buildRules</key>
			<array/>
			<key>dependencies</key>
			<array/>
			<key>isa</key>
			<string>PBXNativeTarget</string>
			<key>name</key>
			<string>SaguaroDataModel</string>
			<key>productName</key>
			<string>SaguaroDataModel</string>
			<key>productReference</key>
			<string>BA491F9F1B64333000239C36</string>
			<key>productType</key>
			<string>com.apple.product-type.framework</string>
		</dict>
		<key>BA491F9F1B64333000239C36</key>
		<dict>
			<key>explicitFileType</key>
			<string>wrapper.framework</string>
			<key>includeInIndex</key>
			<string>0</string>
			<key>isa</key>
			<string>PBXFileReference</string>
			<key>path</key>
			<string>SaguaroDataModel.framework</string>
			<key>sourceTree</key>
			<string>BUILT_PRODUCTS_DIR</string>
		</dict>
		<key>BA491FA01B64333000239C36</key>
		<dict>
			<key>children</key>
			<array>
				<string>BA491F9F1B64333000239C36</string>
				<string>BA491FA91B64333000239C36</string>
			</array>
			<key>isa</key>
			<string>PBXGroup</string>
			<key>name</key>
			<string>Products</string>
			<key>sourceTree</key>
			<string>&lt;group&gt;</string>
		</dict>
		<key>BA491FA11B64333000239C36</key>
		<dict>
			<key>children</key>
			<array>
				<string>BA491FBA1B6433D100239C36</string>
				<string>BA491FBC1B6433D100239C36</string>
				<string>BA491FBD1B6433D100239C36</string>
				<string>BA491FBE1B6433D100239C36</string>
				<string>BA491FBF1B6433D100239C36</string>
				<string>BAF6C6E41B810AF500C1B4BE</string>
				<string>BAFD32DD1BAF369A003ACF8F</string>
				<string>BA491FC01B6433D100239C36</string>
				<string>BA491FC11B6433D100239C36</string>
				<string>BAF6C6EA1B8119C700C1B4BE</string>
				<string>BA4BB3DA1BAF31D9005BD770</string>
				<string>BA491FC21B6433D100239C36</string>
				<string>BA491FA21B64333000239C36</string>
				<string>BA491FA41B64333000239C36</string>
			</array>
			<key>isa</key>
			<string>PBXGroup</string>
			<key>path</key>
			<string>SaguaroDataModel</string>
			<key>sourceTree</key>
			<string>&lt;group&gt;</string>
		</dict>
		<key>BA491FA21B64333000239C36</key>
		<dict>
			<key>isa</key>
			<string>PBXFileReference</string>
			<key>lastKnownFileType</key>
			<string>sourcecode.c.h</string>
			<key>path</key>
			<string>SaguaroDataModel.h</string>
			<key>sourceTree</key>
			<string>&lt;group&gt;</string>
		</dict>
		<key>BA491FA31B64333000239C36</key>
		<dict>
			<key>fileRef</key>
			<string>BA491FA21B64333000239C36</string>
			<key>isa</key>
			<string>PBXBuildFile</string>
			<key>settings</key>
			<dict>
				<key>ATTRIBUTES</key>
				<array>
					<string>Public</string>
				</array>
			</dict>
		</dict>
		<key>BA491FA41B64333000239C36</key>
		<dict>
			<key>isa</key>
			<string>PBXFileReference</string>
			<key>lastKnownFileType</key>
			<string>text.plist.xml</string>
			<key>path</key>
			<string>Info.plist</string>
			<key>sourceTree</key>
			<string>&lt;group&gt;</string>
		</dict>
		<key>BA491FA51B64333000239C36</key>
		<dict>
			<key>buildActionMask</key>
			<string>2147483647</string>
			<key>files</key>
			<array>
				<string>BA491FE11B6433EC00239C36</string>
				<string>BA4BB3DD1BAF3200005BD770</string>
				<string>BA491FE01B6433EC00239C36</string>
				<string>BA491FDB1B6433EC00239C36</string>
				<string>BA491FD91B6433EC00239C36</string>
				<string>BA491FDF1B6433EC00239C36</string>
				<string>BA491FDD1B6433EC00239C36</string>
				<string>BA491FDA1B6433EC00239C36</string>
				<string>BA491FDC1B6433EC00239C36</string>
				<string>BA491FDE1B6433EC00239C36</string>
				<string>BAF6C6E71B810B0D00C1B4BE</string>
				<string>BA491FD81B6433EC00239C36</string>
				<string>BAF6C6E91B81195E00C1B4BE</string>
				<string>BAFD32DC1BAF363E003ACF8F</string>
			</array>
			<key>isa</key>
			<string>PBXSourcesBuildPhase</string>
			<key>runOnlyForDeploymentPostprocessing</key>
			<string>0</string>
		</dict>
		<key>BA491FA61B64333000239C36</key>
		<dict>
			<key>buildActionMask</key>
			<string>2147483647</string>
			<key>files</key>
			<array>
				<string>BA491FAA1B64333000239C36</string>
				<string>D3907AB6F9213B9017F5EBCF</string>
			</array>
			<key>isa</key>
			<string>PBXFrameworksBuildPhase</string>
			<key>runOnlyForDeploymentPostprocessing</key>
			<string>0</string>
		</dict>
		<key>BA491FA71B64333000239C36</key>
		<dict>
			<key>buildActionMask</key>
			<string>2147483647</string>
			<key>files</key>
			<array/>
			<key>isa</key>
			<string>PBXResourcesBuildPhase</string>
			<key>runOnlyForDeploymentPostprocessing</key>
			<string>0</string>
		</dict>
		<key>BA491FA81B64333000239C36</key>
		<dict>
			<key>buildConfigurationList</key>
			<string>BA491FB61B64333000239C36</string>
			<key>buildPhases</key>
			<array>
				<string>2D2507D404292FA6FD8C4231</string>
				<string>BA491FA51B64333000239C36</string>
				<string>BA491FA61B64333000239C36</string>
				<string>BA491FA71B64333000239C36</string>
				<string>630AFCFE248E9D97C1D830FD</string>
				<string>7131E4D8B9B5D9619E2D5FBF</string>
				<string>B6E9297C56C23A521C17145F</string>
			</array>
			<key>buildRules</key>
			<array/>
			<key>dependencies</key>
			<array>
				<string>BA491FAC1B64333000239C36</string>
			</array>
			<key>isa</key>
			<string>PBXNativeTarget</string>
			<key>name</key>
			<string>SaguaroDataModelTests</string>
			<key>productName</key>
			<string>SaguaroDataModelTests</string>
			<key>productReference</key>
			<string>BA491FA91B64333000239C36</string>
			<key>productType</key>
			<string>com.apple.product-type.bundle.unit-test</string>
		</dict>
		<key>BA491FA91B64333000239C36</key>
		<dict>
			<key>explicitFileType</key>
			<string>wrapper.cfbundle</string>
			<key>includeInIndex</key>
			<string>0</string>
			<key>isa</key>
			<string>PBXFileReference</string>
			<key>path</key>
			<string>SaguaroDataModelTests.xctest</string>
			<key>sourceTree</key>
			<string>BUILT_PRODUCTS_DIR</string>
		</dict>
		<key>BA491FAA1B64333000239C36</key>
		<dict>
			<key>fileRef</key>
			<string>BA491F9F1B64333000239C36</string>
			<key>isa</key>
			<string>PBXBuildFile</string>
		</dict>
		<key>BA491FAB1B64333000239C36</key>
		<dict>
			<key>containerPortal</key>
			<string>BA491F961B64333000239C36</string>
			<key>isa</key>
			<string>PBXContainerItemProxy</string>
			<key>proxyType</key>
			<string>1</string>
			<key>remoteGlobalIDString</key>
			<string>BA491F9E1B64333000239C36</string>
			<key>remoteInfo</key>
			<string>SaguaroDataModel</string>
		</dict>
		<key>BA491FAC1B64333000239C36</key>
		<dict>
			<key>isa</key>
			<string>PBXTargetDependency</string>
			<key>target</key>
			<string>BA491F9E1B64333000239C36</string>
			<key>targetProxy</key>
			<string>BA491FAB1B64333000239C36</string>
		</dict>
		<key>BA491FAD1B64333000239C36</key>
		<dict>
			<key>children</key>
			<array>
				<string>BA491FCE1B6433EC00239C36</string>
				<string>BA491FCF1B6433EC00239C36</string>
				<string>BA491FD01B6433EC00239C36</string>
				<string>BA491FD11B6433EC00239C36</string>
				<string>BA491FD21B6433EC00239C36</string>
				<string>BA491FD31B6433EC00239C36</string>
				<string>BAF6C6E61B810B0D00C1B4BE</string>
				<string>BAFD32DB1BAF363E003ACF8F</string>
				<string>BAF6C6E81B81195E00C1B4BE</string>
				<string>BA491FD41B6433EC00239C36</string>
				<string>BA491FD51B6433EC00239C36</string>
				<string>BA4BB3DC1BAF3200005BD770</string>
				<string>BA491FD61B6433EC00239C36</string>
				<string>BA491FD71B6433EC00239C36</string>
				<string>BA491FB01B64333000239C36</string>
				<string>BA491FCD1B6433EB00239C36</string>
			</array>
			<key>isa</key>
			<string>PBXGroup</string>
			<key>path</key>
			<string>SaguaroDataModelTests</string>
			<key>sourceTree</key>
			<string>&lt;group&gt;</string>
		</dict>
		<key>BA491FB01B64333000239C36</key>
		<dict>
			<key>isa</key>
			<string>PBXFileReference</string>
			<key>lastKnownFileType</key>
			<string>text.plist.xml</string>
			<key>path</key>
			<string>Info.plist</string>
			<key>sourceTree</key>
			<string>&lt;group&gt;</string>
		</dict>
		<key>BA491FB11B64333000239C36</key>
		<dict>
			<key>buildSettings</key>
			<dict>
				<key>ALWAYS_SEARCH_USER_PATHS</key>
				<string>NO</string>
				<key>CLANG_CXX_LANGUAGE_STANDARD</key>
				<string>gnu++0x</string>
				<key>CLANG_CXX_LIBRARY</key>
				<string>libc++</string>
				<key>CLANG_ENABLE_MODULES</key>
				<string>YES</string>
				<key>CLANG_ENABLE_OBJC_ARC</key>
				<string>YES</string>
				<key>CLANG_WARN_BOOL_CONVERSION</key>
				<string>YES</string>
				<key>CLANG_WARN_CONSTANT_CONVERSION</key>
				<string>YES</string>
				<key>CLANG_WARN_DIRECT_OBJC_ISA_USAGE</key>
				<string>YES_ERROR</string>
				<key>CLANG_WARN_EMPTY_BODY</key>
				<string>YES</string>
				<key>CLANG_WARN_ENUM_CONVERSION</key>
				<string>YES</string>
				<key>CLANG_WARN_INFINITE_RECURSION</key>
				<string>YES</string>
				<key>CLANG_WARN_INT_CONVERSION</key>
				<string>YES</string>
				<key>CLANG_WARN_OBJC_ROOT_CLASS</key>
				<string>YES_ERROR</string>
				<key>CLANG_WARN_SUSPICIOUS_MOVE</key>
				<string>YES</string>
				<key>CLANG_WARN_UNREACHABLE_CODE</key>
				<string>YES</string>
				<key>CLANG_WARN__DUPLICATE_METHOD_MATCH</key>
				<string>YES</string>
				<key>CODE_SIGN_IDENTITY[sdk=iphoneos*]</key>
				<string>iPhone Developer</string>
				<key>COPY_PHASE_STRIP</key>
				<string>NO</string>
				<key>CURRENT_PROJECT_VERSION</key>
				<string>1</string>
				<key>DEBUG_INFORMATION_FORMAT</key>
				<string>dwarf</string>
				<key>ENABLE_STRICT_OBJC_MSGSEND</key>
				<string>YES</string>
				<key>ENABLE_TESTABILITY</key>
				<string>YES</string>
				<key>GCC_C_LANGUAGE_STANDARD</key>
				<string>gnu99</string>
				<key>GCC_DYNAMIC_NO_PIC</key>
				<string>NO</string>
				<key>GCC_NO_COMMON_BLOCKS</key>
				<string>YES</string>
				<key>GCC_OPTIMIZATION_LEVEL</key>
				<string>0</string>
				<key>GCC_PREPROCESSOR_DEFINITIONS</key>
				<array>
					<string>DEBUG=1</string>
					<string>$(inherited)</string>
				</array>
				<key>GCC_WARN_64_TO_32_BIT_CONVERSION</key>
				<string>YES</string>
				<key>GCC_WARN_ABOUT_RETURN_TYPE</key>
				<string>YES_ERROR</string>
				<key>GCC_WARN_UNDECLARED_SELECTOR</key>
				<string>YES</string>
				<key>GCC_WARN_UNINITIALIZED_AUTOS</key>
				<string>YES_AGGRESSIVE</string>
				<key>GCC_WARN_UNUSED_FUNCTION</key>
				<string>YES</string>
				<key>GCC_WARN_UNUSED_VARIABLE</key>
				<string>YES</string>
				<key>IPHONEOS_DEPLOYMENT_TARGET</key>
				<string>9.0</string>
				<key>MTL_ENABLE_DEBUG_INFO</key>
				<string>YES</string>
				<key>ONLY_ACTIVE_ARCH</key>
				<string>YES</string>
				<key>SDKROOT</key>
				<string>iphoneos</string>
				<key>SWIFT_OPTIMIZATION_LEVEL</key>
				<string>-Onone</string>
				<key>TARGETED_DEVICE_FAMILY</key>
				<string>1,2</string>
				<key>VERSIONING_SYSTEM</key>
				<string>apple-generic</string>
				<key>VERSION_INFO_PREFIX</key>
				<string></string>
			</dict>
			<key>isa</key>
			<string>XCBuildConfiguration</string>
			<key>name</key>
			<string>Debug</string>
		</dict>
		<key>BA491FB21B64333000239C36</key>
		<dict>
			<key>buildSettings</key>
			<dict>
				<key>ALWAYS_SEARCH_USER_PATHS</key>
				<string>NO</string>
				<key>CLANG_CXX_LANGUAGE_STANDARD</key>
				<string>gnu++0x</string>
				<key>CLANG_CXX_LIBRARY</key>
				<string>libc++</string>
				<key>CLANG_ENABLE_MODULES</key>
				<string>YES</string>
				<key>CLANG_ENABLE_OBJC_ARC</key>
				<string>YES</string>
				<key>CLANG_WARN_BOOL_CONVERSION</key>
				<string>YES</string>
				<key>CLANG_WARN_CONSTANT_CONVERSION</key>
				<string>YES</string>
				<key>CLANG_WARN_DIRECT_OBJC_ISA_USAGE</key>
				<string>YES_ERROR</string>
				<key>CLANG_WARN_EMPTY_BODY</key>
				<string>YES</string>
				<key>CLANG_WARN_ENUM_CONVERSION</key>
				<string>YES</string>
				<key>CLANG_WARN_INFINITE_RECURSION</key>
				<string>YES</string>
				<key>CLANG_WARN_INT_CONVERSION</key>
				<string>YES</string>
				<key>CLANG_WARN_OBJC_ROOT_CLASS</key>
				<string>YES_ERROR</string>
				<key>CLANG_WARN_SUSPICIOUS_MOVE</key>
				<string>YES</string>
				<key>CLANG_WARN_UNREACHABLE_CODE</key>
				<string>YES</string>
				<key>CLANG_WARN__DUPLICATE_METHOD_MATCH</key>
				<string>YES</string>
				<key>CODE_SIGN_IDENTITY[sdk=iphoneos*]</key>
				<string>iPhone Developer</string>
				<key>COPY_PHASE_STRIP</key>
				<string>NO</string>
				<key>CURRENT_PROJECT_VERSION</key>
				<string>1</string>
				<key>DEBUG_INFORMATION_FORMAT</key>
				<string>dwarf-with-dsym</string>
				<key>ENABLE_NS_ASSERTIONS</key>
				<string>NO</string>
				<key>ENABLE_STRICT_OBJC_MSGSEND</key>
				<string>YES</string>
				<key>GCC_C_LANGUAGE_STANDARD</key>
				<string>gnu99</string>
				<key>GCC_NO_COMMON_BLOCKS</key>
				<string>YES</string>
				<key>GCC_WARN_64_TO_32_BIT_CONVERSION</key>
				<string>YES</string>
				<key>GCC_WARN_ABOUT_RETURN_TYPE</key>
				<string>YES_ERROR</string>
				<key>GCC_WARN_UNDECLARED_SELECTOR</key>
				<string>YES</string>
				<key>GCC_WARN_UNINITIALIZED_AUTOS</key>
				<string>YES_AGGRESSIVE</string>
				<key>GCC_WARN_UNUSED_FUNCTION</key>
				<string>YES</string>
				<key>GCC_WARN_UNUSED_VARIABLE</key>
				<string>YES</string>
				<key>IPHONEOS_DEPLOYMENT_TARGET</key>
				<string>9.0</string>
				<key>MTL_ENABLE_DEBUG_INFO</key>
				<string>NO</string>
				<key>SDKROOT</key>
				<string>iphoneos</string>
				<key>SWIFT_OPTIMIZATION_LEVEL</key>
				<string>-Owholemodule</string>
				<key>TARGETED_DEVICE_FAMILY</key>
				<string>1,2</string>
				<key>VALIDATE_PRODUCT</key>
				<string>YES</string>
				<key>VERSIONING_SYSTEM</key>
				<string>apple-generic</string>
				<key>VERSION_INFO_PREFIX</key>
				<string></string>
			</dict>
			<key>isa</key>
			<string>XCBuildConfiguration</string>
			<key>name</key>
			<string>Release</string>
		</dict>
		<key>BA491FB31B64333000239C36</key>
		<dict>
			<key>buildConfigurations</key>
			<array>
				<string>BA491FB41B64333000239C36</string>
				<string>BA491FB51B64333000239C36</string>
			</array>
			<key>defaultConfigurationIsVisible</key>
			<string>0</string>
			<key>defaultConfigurationName</key>
			<string>Release</string>
			<key>isa</key>
			<string>XCConfigurationList</string>
		</dict>
		<key>BA491FB41B64333000239C36</key>
		<dict>
			<key>baseConfigurationReference</key>
			<string>4FE71AA6BFF46301C76D716C</string>
			<key>buildSettings</key>
			<dict>
				<key>ALWAYS_EMBED_SWIFT_STANDARD_LIBRARIES</key>
				<string>YES</string>
				<key>CLANG_ENABLE_MODULES</key>
				<string>YES</string>
				<key>CODE_SIGN_IDENTITY[sdk=iphoneos*]</key>
				<string></string>
				<key>DEFINES_MODULE</key>
				<string>YES</string>
				<key>DYLIB_COMPATIBILITY_VERSION</key>
				<string>1</string>
				<key>DYLIB_CURRENT_VERSION</key>
				<string>1</string>
				<key>DYLIB_INSTALL_NAME_BASE</key>
				<string>@rpath</string>
				<key>INFOPLIST_FILE</key>
				<string>SaguaroDataModel/Info.plist</string>
				<key>INSTALL_PATH</key>
				<string>$(LOCAL_LIBRARY_DIR)/Frameworks</string>
				<key>IPHONEOS_DEPLOYMENT_TARGET</key>
				<string>9.0</string>
				<key>LD_RUNPATH_SEARCH_PATHS</key>
				<string>$(inherited) @executable_path/Frameworks @loader_path/Frameworks</string>
				<key>PRODUCT_BUNDLE_IDENTIFIER</key>
				<string>com.raincitysoftware.SaguaroDataModel</string>
				<key>PRODUCT_NAME</key>
				<string>$(TARGET_NAME)</string>
				<key>SKIP_INSTALL</key>
				<string>YES</string>
				<key>SWIFT_OPTIMIZATION_LEVEL</key>
				<string>-Onone</string>
				<key>SWIFT_VERSION</key>
				<string>3.0</string>
			</dict>
			<key>isa</key>
			<string>XCBuildConfiguration</string>
			<key>name</key>
			<string>Debug</string>
		</dict>
		<key>BA491FB51B64333000239C36</key>
		<dict>
			<key>baseConfigurationReference</key>
			<string>15401A52267809B6569D8176</string>
			<key>buildSettings</key>
			<dict>
				<key>ALWAYS_EMBED_SWIFT_STANDARD_LIBRARIES</key>
				<string>YES</string>
				<key>CLANG_ENABLE_MODULES</key>
				<string>YES</string>
				<key>CODE_SIGN_IDENTITY[sdk=iphoneos*]</key>
				<string></string>
				<key>DEFINES_MODULE</key>
				<string>YES</string>
				<key>DYLIB_COMPATIBILITY_VERSION</key>
				<string>1</string>
				<key>DYLIB_CURRENT_VERSION</key>
				<string>1</string>
				<key>DYLIB_INSTALL_NAME_BASE</key>
				<string>@rpath</string>
				<key>INFOPLIST_FILE</key>
				<string>SaguaroDataModel/Info.plist</string>
				<key>INSTALL_PATH</key>
				<string>$(LOCAL_LIBRARY_DIR)/Frameworks</string>
				<key>IPHONEOS_DEPLOYMENT_TARGET</key>
				<string>9.0</string>
				<key>LD_RUNPATH_SEARCH_PATHS</key>
				<string>$(inherited) @executable_path/Frameworks @loader_path/Frameworks</string>
				<key>PRODUCT_BUNDLE_IDENTIFIER</key>
				<string>com.raincitysoftware.SaguaroDataModel</string>
				<key>PRODUCT_NAME</key>
				<string>$(TARGET_NAME)</string>
				<key>SKIP_INSTALL</key>
				<string>YES</string>
				<key>SWIFT_VERSION</key>
				<string>3.0</string>
			</dict>
			<key>isa</key>
			<string>XCBuildConfiguration</string>
			<key>name</key>
			<string>Release</string>
		</dict>
		<key>BA491FB61B64333000239C36</key>
		<dict>
			<key>buildConfigurations</key>
			<array>
				<string>BA491FB71B64333000239C36</string>
				<string>BA491FB81B64333000239C36</string>
			</array>
			<key>defaultConfigurationIsVisible</key>
			<string>0</string>
			<key>defaultConfigurationName</key>
			<string>Release</string>
			<key>isa</key>
			<string>XCConfigurationList</string>
		</dict>
		<key>BA491FB71B64333000239C36</key>
		<dict>
			<key>baseConfigurationReference</key>
			<string>3295D373FA30E0F8757334CC</string>
			<key>buildSettings</key>
			<dict>
				<key>ALWAYS_EMBED_SWIFT_STANDARD_LIBRARIES</key>
				<string>YES</string>
				<key>CLANG_ENABLE_MODULES</key>
				<string>YES</string>
				<key>INFOPLIST_FILE</key>
				<string>SaguaroDataModelTests/Info.plist</string>
				<key>LD_RUNPATH_SEARCH_PATHS</key>
				<string>$(inherited) @executable_path/Frameworks @loader_path/Frameworks</string>
				<key>PRODUCT_BUNDLE_IDENTIFIER</key>
				<string>com.raincitysoftware.SaguaroDataModelTests</string>
				<key>PRODUCT_NAME</key>
				<string>$(TARGET_NAME)</string>
				<key>SWIFT_OBJC_BRIDGING_HEADER</key>
				<string>SaguaroDataModelTests/SaguaroDataModelTests-Bridging-Header.h</string>
				<key>SWIFT_OPTIMIZATION_LEVEL</key>
				<string>-Onone</string>
				<key>SWIFT_VERSION</key>
				<string>3.0</string>
			</dict>
			<key>isa</key>
			<string>XCBuildConfiguration</string>
			<key>name</key>
			<string>Debug</string>
		</dict>
		<key>BA491FB81B64333000239C36</key>
		<dict>
			<key>baseConfigurationReference</key>
			<string>F6B6079C2C4EC7452113E443</string>
			<key>buildSettings</key>
			<dict>
				<key>ALWAYS_EMBED_SWIFT_STANDARD_LIBRARIES</key>
				<string>YES</string>
				<key>CLANG_ENABLE_MODULES</key>
				<string>YES</string>
				<key>INFOPLIST_FILE</key>
				<string>SaguaroDataModelTests/Info.plist</string>
				<key>LD_RUNPATH_SEARCH_PATHS</key>
				<string>$(inherited) @executable_path/Frameworks @loader_path/Frameworks</string>
				<key>PRODUCT_BUNDLE_IDENTIFIER</key>
				<string>com.raincitysoftware.SaguaroDataModelTests</string>
				<key>PRODUCT_NAME</key>
				<string>$(TARGET_NAME)</string>
				<key>SWIFT_OBJC_BRIDGING_HEADER</key>
				<string>SaguaroDataModelTests/SaguaroDataModelTests-Bridging-Header.h</string>
				<key>SWIFT_VERSION</key>
				<string>3.0</string>
			</dict>
			<key>isa</key>
			<string>XCBuildConfiguration</string>
			<key>name</key>
			<string>Release</string>
		</dict>
		<key>BA491FBA1B6433D100239C36</key>
		<dict>
			<key>fileEncoding</key>
			<string>4</string>
			<key>isa</key>
			<string>PBXFileReference</string>
			<key>lastKnownFileType</key>
			<string>sourcecode.swift</string>
			<key>path</key>
			<string>SAContactInfo.swift</string>
			<key>sourceTree</key>
			<string>&lt;group&gt;</string>
		</dict>
		<key>BA491FBC1B6433D100239C36</key>
		<dict>
			<key>fileEncoding</key>
			<string>4</string>
			<key>isa</key>
			<string>PBXFileReference</string>
			<key>lastKnownFileType</key>
			<string>sourcecode.swift</string>
			<key>path</key>
			<string>SADateRange.swift</string>
			<key>sourceTree</key>
			<string>&lt;group&gt;</string>
		</dict>
		<key>BA491FBD1B6433D100239C36</key>
		<dict>
			<key>fileEncoding</key>
			<string>4</string>
			<key>isa</key>
			<string>PBXFileReference</string>
			<key>lastKnownFileType</key>
			<string>sourcecode.swift</string>
			<key>path</key>
			<string>SADateTimeCalculator.swift</string>
			<key>sourceTree</key>
			<string>&lt;group&gt;</string>
		</dict>
		<key>BA491FBE1B6433D100239C36</key>
		<dict>
			<key>fileEncoding</key>
			<string>4</string>
			<key>isa</key>
			<string>PBXFileReference</string>
			<key>lastKnownFileType</key>
			<string>sourcecode.swift</string>
			<key>path</key>
			<string>SADocumentIdentifier.swift</string>
			<key>sourceTree</key>
			<string>&lt;group&gt;</string>
		</dict>
		<key>BA491FBF1B6433D100239C36</key>
		<dict>
			<key>fileEncoding</key>
			<string>4</string>
			<key>isa</key>
			<string>PBXFileReference</string>
			<key>lastKnownFileType</key>
			<string>sourcecode.swift</string>
			<key>path</key>
			<string>SAOrg.swift</string>
			<key>sourceTree</key>
			<string>&lt;group&gt;</string>
		</dict>
		<key>BA491FC01B6433D100239C36</key>
		<dict>
			<key>fileEncoding</key>
			<string>4</string>
			<key>isa</key>
			<string>PBXFileReference</string>
			<key>lastKnownFileType</key>
			<string>sourcecode.swift</string>
			<key>path</key>
			<string>SAUnique.swift</string>
			<key>sourceTree</key>
			<string>&lt;group&gt;</string>
		</dict>
		<key>BA491FC11B6433D100239C36</key>
		<dict>
			<key>fileEncoding</key>
			<string>4</string>
			<key>isa</key>
			<string>PBXFileReference</string>
			<key>lastKnownFileType</key>
			<string>sourcecode.swift</string>
			<key>path</key>
			<string>SAUser.swift</string>
			<key>sourceTree</key>
			<string>&lt;group&gt;</string>
		</dict>
		<key>BA491FC21B6433D100239C36</key>
		<dict>
			<key>fileEncoding</key>
			<string>4</string>
			<key>isa</key>
			<string>PBXFileReference</string>
			<key>lastKnownFileType</key>
			<string>sourcecode.swift</string>
			<key>path</key>
			<string>SAValidationDelegate.swift</string>
			<key>sourceTree</key>
			<string>&lt;group&gt;</string>
		</dict>
		<key>BA491FC41B6433D100239C36</key>
		<dict>
			<key>fileRef</key>
			<string>BA491FBA1B6433D100239C36</string>
			<key>isa</key>
			<string>PBXBuildFile</string>
		</dict>
		<key>BA491FC61B6433D100239C36</key>
		<dict>
			<key>fileRef</key>
			<string>BA491FBC1B6433D100239C36</string>
			<key>isa</key>
			<string>PBXBuildFile</string>
		</dict>
		<key>BA491FC71B6433D100239C36</key>
		<dict>
			<key>fileRef</key>
			<string>BA491FBD1B6433D100239C36</string>
			<key>isa</key>
			<string>PBXBuildFile</string>
		</dict>
		<key>BA491FC81B6433D100239C36</key>
		<dict>
			<key>fileRef</key>
			<string>BA491FBE1B6433D100239C36</string>
			<key>isa</key>
			<string>PBXBuildFile</string>
		</dict>
		<key>BA491FC91B6433D100239C36</key>
		<dict>
			<key>fileRef</key>
			<string>BA491FBF1B6433D100239C36</string>
			<key>isa</key>
			<string>PBXBuildFile</string>
		</dict>
		<key>BA491FCA1B6433D100239C36</key>
		<dict>
			<key>fileRef</key>
			<string>BA491FC01B6433D100239C36</string>
			<key>isa</key>
			<string>PBXBuildFile</string>
		</dict>
		<key>BA491FCB1B6433D100239C36</key>
		<dict>
			<key>fileRef</key>
			<string>BA491FC11B6433D100239C36</string>
			<key>isa</key>
			<string>PBXBuildFile</string>
		</dict>
		<key>BA491FCC1B6433D100239C36</key>
		<dict>
			<key>fileRef</key>
			<string>BA491FC21B6433D100239C36</string>
			<key>isa</key>
			<string>PBXBuildFile</string>
		</dict>
		<key>BA491FCD1B6433EB00239C36</key>
		<dict>
			<key>isa</key>
			<string>PBXFileReference</string>
			<key>lastKnownFileType</key>
			<string>sourcecode.c.h</string>
			<key>path</key>
			<string>SaguaroDataModelTests-Bridging-Header.h</string>
			<key>sourceTree</key>
			<string>&lt;group&gt;</string>
		</dict>
		<key>BA491FCE1B6433EC00239C36</key>
		<dict>
			<key>fileEncoding</key>
			<string>4</string>
			<key>isa</key>
			<string>PBXFileReference</string>
			<key>lastKnownFileType</key>
			<string>sourcecode.swift</string>
			<key>path</key>
			<string>RandomFixtureData.swift</string>
			<key>sourceTree</key>
			<string>&lt;group&gt;</string>
		</dict>
		<key>BA491FCF1B6433EC00239C36</key>
		<dict>
			<key>fileEncoding</key>
			<string>4</string>
			<key>isa</key>
			<string>PBXFileReference</string>
			<key>lastKnownFileType</key>
			<string>sourcecode.swift</string>
			<key>path</key>
			<string>SAContactInfoTests.swift</string>
			<key>sourceTree</key>
			<string>&lt;group&gt;</string>
		</dict>
		<key>BA491FD01B6433EC00239C36</key>
		<dict>
			<key>fileEncoding</key>
			<string>4</string>
			<key>isa</key>
			<string>PBXFileReference</string>
			<key>lastKnownFileType</key>
			<string>sourcecode.swift</string>
			<key>path</key>
			<string>SADateRangeTests.swift</string>
			<key>sourceTree</key>
			<string>&lt;group&gt;</string>
		</dict>
		<key>BA491FD11B6433EC00239C36</key>
		<dict>
			<key>fileEncoding</key>
			<string>4</string>
			<key>isa</key>
			<string>PBXFileReference</string>
			<key>lastKnownFileType</key>
			<string>sourcecode.swift</string>
			<key>path</key>
			<string>SADateTimeCalculatorTests.swift</string>
			<key>sourceTree</key>
			<string>&lt;group&gt;</string>
		</dict>
		<key>BA491FD21B6433EC00239C36</key>
		<dict>
			<key>fileEncoding</key>
			<string>4</string>
			<key>isa</key>
			<string>PBXFileReference</string>
			<key>lastKnownFileType</key>
			<string>sourcecode.swift</string>
			<key>path</key>
			<string>SADocumentIdentifierTests.swift</string>
			<key>sourceTree</key>
			<string>&lt;group&gt;</string>
		</dict>
		<key>BA491FD31B6433EC00239C36</key>
		<dict>
			<key>fileEncoding</key>
			<string>4</string>
			<key>isa</key>
			<string>PBXFileReference</string>
			<key>lastKnownFileType</key>
			<string>sourcecode.swift</string>
			<key>path</key>
			<string>SAOrgTests.swift</string>
			<key>sourceTree</key>
			<string>&lt;group&gt;</string>
		</dict>
		<key>BA491FD41B6433EC00239C36</key>
		<dict>
			<key>fileEncoding</key>
			<string>4</string>
			<key>isa</key>
			<string>PBXFileReference</string>
			<key>lastKnownFileType</key>
			<string>sourcecode.swift</string>
			<key>path</key>
			<string>SAUniqueTests.swift</string>
			<key>sourceTree</key>
			<string>&lt;group&gt;</string>
		</dict>
		<key>BA491FD51B6433EC00239C36</key>
		<dict>
			<key>fileEncoding</key>
			<string>4</string>
			<key>isa</key>
			<string>PBXFileReference</string>
			<key>lastKnownFileType</key>
			<string>sourcecode.swift</string>
			<key>path</key>
			<string>SAUserTests.swift</string>
			<key>sourceTree</key>
			<string>&lt;group&gt;</string>
		</dict>
		<key>BA491FD61B6433EC00239C36</key>
		<dict>
			<key>fileEncoding</key>
			<string>4</string>
			<key>isa</key>
			<string>PBXFileReference</string>
			<key>lastKnownFileType</key>
			<string>sourcecode.swift</string>
			<key>path</key>
			<string>SAValidationDelegateTests.swift</string>
			<key>sourceTree</key>
			<string>&lt;group&gt;</string>
		</dict>
		<key>BA491FD71B6433EC00239C36</key>
		<dict>
			<key>fileEncoding</key>
			<string>4</string>
			<key>isa</key>
			<string>PBXFileReference</string>
			<key>lastKnownFileType</key>
			<string>sourcecode.swift</string>
			<key>path</key>
			<string>TestDataset.swift</string>
			<key>sourceTree</key>
			<string>&lt;group&gt;</string>
		</dict>
		<key>BA491FD81B6433EC00239C36</key>
		<dict>
			<key>fileRef</key>
			<string>BA491FCE1B6433EC00239C36</string>
			<key>isa</key>
			<string>PBXBuildFile</string>
		</dict>
		<key>BA491FD91B6433EC00239C36</key>
		<dict>
			<key>fileRef</key>
			<string>BA491FCF1B6433EC00239C36</string>
			<key>isa</key>
			<string>PBXBuildFile</string>
		</dict>
		<key>BA491FDA1B6433EC00239C36</key>
		<dict>
			<key>fileRef</key>
			<string>BA491FD01B6433EC00239C36</string>
			<key>isa</key>
			<string>PBXBuildFile</string>
		</dict>
		<key>BA491FDB1B6433EC00239C36</key>
		<dict>
			<key>fileRef</key>
			<string>BA491FD11B6433EC00239C36</string>
			<key>isa</key>
			<string>PBXBuildFile</string>
		</dict>
		<key>BA491FDC1B6433EC00239C36</key>
		<dict>
			<key>fileRef</key>
			<string>BA491FD21B6433EC00239C36</string>
			<key>isa</key>
			<string>PBXBuildFile</string>
		</dict>
		<key>BA491FDD1B6433EC00239C36</key>
		<dict>
			<key>fileRef</key>
			<string>BA491FD31B6433EC00239C36</string>
			<key>isa</key>
			<string>PBXBuildFile</string>
		</dict>
		<key>BA491FDE1B6433EC00239C36</key>
		<dict>
			<key>fileRef</key>
			<string>BA491FD41B6433EC00239C36</string>
			<key>isa</key>
			<string>PBXBuildFile</string>
		</dict>
		<key>BA491FDF1B6433EC00239C36</key>
		<dict>
			<key>fileRef</key>
			<string>BA491FD51B6433EC00239C36</string>
			<key>isa</key>
			<string>PBXBuildFile</string>
		</dict>
		<key>BA491FE01B6433EC00239C36</key>
		<dict>
			<key>fileRef</key>
			<string>BA491FD61B6433EC00239C36</string>
			<key>isa</key>
			<string>PBXBuildFile</string>
		</dict>
		<key>BA491FE11B6433EC00239C36</key>
		<dict>
			<key>fileRef</key>
			<string>BA491FD71B6433EC00239C36</string>
			<key>isa</key>
			<string>PBXBuildFile</string>
		</dict>
		<key>BA4BB3DA1BAF31D9005BD770</key>
		<dict>
			<key>fileEncoding</key>
			<string>4</string>
			<key>isa</key>
			<string>PBXFileReference</string>
			<key>lastKnownFileType</key>
			<string>sourcecode.swift</string>
			<key>path</key>
			<string>SAUpdateQueue.swift</string>
			<key>sourceTree</key>
			<string>&lt;group&gt;</string>
		</dict>
		<key>BA4BB3DB1BAF31D9005BD770</key>
		<dict>
			<key>fileRef</key>
			<string>BA4BB3DA1BAF31D9005BD770</string>
			<key>isa</key>
			<string>PBXBuildFile</string>
		</dict>
		<key>BA4BB3DC1BAF3200005BD770</key>
		<dict>
			<key>fileEncoding</key>
			<string>4</string>
			<key>isa</key>
			<string>PBXFileReference</string>
			<key>lastKnownFileType</key>
			<string>sourcecode.swift</string>
			<key>path</key>
			<string>SAUpdateQueueTests.swift</string>
			<key>sourceTree</key>
			<string>&lt;group&gt;</string>
		</dict>
		<key>BA4BB3DD1BAF3200005BD770</key>
		<dict>
			<key>fileRef</key>
			<string>BA4BB3DC1BAF3200005BD770</string>
			<key>isa</key>
			<string>PBXBuildFile</string>
		</dict>
		<key>BAF6C6E41B810AF500C1B4BE</key>
		<dict>
			<key>fileEncoding</key>
			<string>4</string>
			<key>isa</key>
			<string>PBXFileReference</string>
			<key>lastKnownFileType</key>
			<string>sourcecode.swift</string>
			<key>path</key>
			<string>SAStack.swift</string>
			<key>sourceTree</key>
			<string>&lt;group&gt;</string>
		</dict>
		<key>BAF6C6E51B810AF500C1B4BE</key>
		<dict>
			<key>fileRef</key>
			<string>BAF6C6E41B810AF500C1B4BE</string>
			<key>isa</key>
			<string>PBXBuildFile</string>
		</dict>
		<key>BAF6C6E61B810B0D00C1B4BE</key>
		<dict>
			<key>fileEncoding</key>
			<string>4</string>
			<key>isa</key>
			<string>PBXFileReference</string>
			<key>lastKnownFileType</key>
			<string>sourcecode.swift</string>
			<key>path</key>
			<string>SAStackTests.swift</string>
			<key>sourceTree</key>
			<string>&lt;group&gt;</string>
		</dict>
		<key>BAF6C6E71B810B0D00C1B4BE</key>
		<dict>
			<key>fileRef</key>
			<string>BAF6C6E61B810B0D00C1B4BE</string>
			<key>isa</key>
			<string>PBXBuildFile</string>
		</dict>
		<key>BAF6C6E81B81195E00C1B4BE</key>
		<dict>
			<key>fileEncoding</key>
			<string>4</string>
			<key>isa</key>
			<string>PBXFileReference</string>
			<key>lastKnownFileType</key>
			<string>sourcecode.swift</string>
			<key>path</key>
			<string>SAUndoRedoTests.swift</string>
			<key>sourceTree</key>
			<string>&lt;group&gt;</string>
		</dict>
		<key>BAF6C6E91B81195E00C1B4BE</key>
		<dict>
			<key>fileRef</key>
			<string>BAF6C6E81B81195E00C1B4BE</string>
			<key>isa</key>
			<string>PBXBuildFile</string>
		</dict>
		<key>BAF6C6EA1B8119C700C1B4BE</key>
		<dict>
			<key>fileEncoding</key>
			<string>4</string>
			<key>isa</key>
			<string>PBXFileReference</string>
			<key>lastKnownFileType</key>
			<string>sourcecode.swift</string>
			<key>path</key>
			<string>SAUndoRedo.swift</string>
			<key>sourceTree</key>
			<string>&lt;group&gt;</string>
		</dict>
		<key>BAF6C6EB1B8119C700C1B4BE</key>
		<dict>
			<key>fileRef</key>
			<string>BAF6C6EA1B8119C700C1B4BE</string>
			<key>isa</key>
			<string>PBXBuildFile</string>
		</dict>
		<key>BAFD32DB1BAF363E003ACF8F</key>
		<dict>
			<key>fileEncoding</key>
			<string>4</string>
			<key>isa</key>
			<string>PBXFileReference</string>
			<key>lastKnownFileType</key>
			<string>sourcecode.swift</string>
			<key>path</key>
			<string>SATimerTests.swift</string>
			<key>sourceTree</key>
			<string>&lt;group&gt;</string>
		</dict>
		<key>BAFD32DC1BAF363E003ACF8F</key>
		<dict>
			<key>fileRef</key>
			<string>BAFD32DB1BAF363E003ACF8F</string>
			<key>isa</key>
			<string>PBXBuildFile</string>
		</dict>
		<key>BAFD32DD1BAF369A003ACF8F</key>
		<dict>
			<key>fileEncoding</key>
			<string>4</string>
			<key>isa</key>
			<string>PBXFileReference</string>
			<key>lastKnownFileType</key>
			<string>sourcecode.swift</string>
			<key>path</key>
			<string>SATimer.swift</string>
			<key>sourceTree</key>
			<string>&lt;group&gt;</string>
		</dict>
		<key>BAFD32DE1BAF369A003ACF8F</key>
		<dict>
			<key>fileRef</key>
			<string>BAFD32DD1BAF369A003ACF8F</string>
			<key>isa</key>
			<string>PBXBuildFile</string>
		</dict>
		<key>D129B8007CF207D8A9B8CA30</key>
		<dict>
			<key>buildActionMask</key>
			<string>2147483647</string>
			<key>files</key>
			<array/>
			<key>inputPaths</key>
			<array/>
			<key>isa</key>
			<string>PBXShellScriptBuildPhase</string>
			<key>name</key>
			<string>[CP] Check Pods Manifest.lock</string>
			<key>outputPaths</key>
			<array/>
			<key>runOnlyForDeploymentPostprocessing</key>
			<string>0</string>
			<key>shellPath</key>
			<string>/bin/sh</string>
			<key>shellScript</key>
			<string>diff "${PODS_ROOT}/../Podfile.lock" "${PODS_ROOT}/Manifest.lock" &gt; /dev/null
if [[ $? != 0 ]] ; then
    cat &lt;&lt; EOM
error: The sandbox is not in sync with the Podfile.lock. Run 'pod install' or update your CocoaPods installation.
EOM
    exit 1
fi
</string>
			<key>showEnvVarsInLog</key>
			<string>0</string>
		</dict>
		<key>D3907AB6F9213B9017F5EBCF</key>
		<dict>
			<key>fileRef</key>
			<string>58E6245F08227245CEA77359</string>
			<key>isa</key>
			<string>PBXBuildFile</string>
		</dict>
		<key>ED41BDAEAD601829172B9728</key>
		<dict>
			<key>children</key>
			<array>
				<string>4FE71AA6BFF46301C76D716C</string>
				<string>15401A52267809B6569D8176</string>
				<string>3295D373FA30E0F8757334CC</string>
				<string>F6B6079C2C4EC7452113E443</string>
			</array>
			<key>isa</key>
			<string>PBXGroup</string>
			<key>name</key>
			<string>Pods</string>
			<key>sourceTree</key>
			<string>&lt;group&gt;</string>
		</dict>
		<key>F0BC8F00FB07943BE42BAA7C</key>
		<dict>
			<key>children</key>
			<array>
				<string>7F2A1942BD41CE28C3C6024F</string>
				<string>58E6245F08227245CEA77359</string>
			</array>
			<key>isa</key>
			<string>PBXGroup</string>
			<key>name</key>
			<string>Frameworks</string>
			<key>sourceTree</key>
			<string>&lt;group&gt;</string>
		</dict>
		<key>F6B6079C2C4EC7452113E443</key>
		<dict>
			<key>includeInIndex</key>
			<string>1</string>
			<key>isa</key>
			<string>PBXFileReference</string>
			<key>lastKnownFileType</key>
			<string>text.xcconfig</string>
			<key>name</key>
			<string>Pods-SaguaroDataModelTests.release.xcconfig</string>
			<key>path</key>
			<string>Pods/Target Support Files/Pods-SaguaroDataModelTests/Pods-SaguaroDataModelTests.release.xcconfig</string>
			<key>sourceTree</key>
			<string>&lt;group&gt;</string>
		</dict>
	</dict>
	<key>rootObject</key>
	<string>BA491F961B64333000239C36</string>
</dict>
</plist>
