// !$*UTF8*$!
{
	archiveVersion = 1;
	classes = {
	};
	objectVersion = 46;
	objects = {

/* Begin PBXBuildFile section */
		4BC1A69F880B1153683C51EE /* Pods_SaguaroDataModel.framework in Frameworks */ = {isa = PBXBuildFile; fileRef = AFD8E8CAC8E1BAB4644FF64A /* Pods_SaguaroDataModel.framework */; settings = {ATTRIBUTES = (Weak, ); }; };
		A84DC33B5694BAA5D0EEFD6C /* Pods_SaguaroDataModelTests.framework in Frameworks */ = {isa = PBXBuildFile; fileRef = 209353184FCCDF7F1BA82818 /* Pods_SaguaroDataModelTests.framework */; settings = {ATTRIBUTES = (Weak, ); }; };
		BA491FA31B64333000239C36 /* SaguaroDataModel.h in Headers */ = {isa = PBXBuildFile; fileRef = BA491FA21B64333000239C36 /* SaguaroDataModel.h */; settings = {ATTRIBUTES = (Public, ); }; };
		BA491FAA1B64333000239C36 /* SaguaroDataModel.framework in Frameworks */ = {isa = PBXBuildFile; fileRef = BA491F9F1B64333000239C36 /* SaguaroDataModel.framework */; };
		BA491FC41B6433D100239C36 /* SAContactInfo.swift in Sources */ = {isa = PBXBuildFile; fileRef = BA491FBA1B6433D100239C36 /* SAContactInfo.swift */; };
		BA491FC61B6433D100239C36 /* SADateRange.swift in Sources */ = {isa = PBXBuildFile; fileRef = BA491FBC1B6433D100239C36 /* SADateRange.swift */; };
		BA491FC71B6433D100239C36 /* SADateTimeCalculator.swift in Sources */ = {isa = PBXBuildFile; fileRef = BA491FBD1B6433D100239C36 /* SADateTimeCalculator.swift */; };
		BA491FC81B6433D100239C36 /* SADocumentIdentifier.swift in Sources */ = {isa = PBXBuildFile; fileRef = BA491FBE1B6433D100239C36 /* SADocumentIdentifier.swift */; };
		BA491FC91B6433D100239C36 /* SAOrg.swift in Sources */ = {isa = PBXBuildFile; fileRef = BA491FBF1B6433D100239C36 /* SAOrg.swift */; };
		BA491FCA1B6433D100239C36 /* SAUnique.swift in Sources */ = {isa = PBXBuildFile; fileRef = BA491FC01B6433D100239C36 /* SAUnique.swift */; };
		BA491FCB1B6433D100239C36 /* SAUser.swift in Sources */ = {isa = PBXBuildFile; fileRef = BA491FC11B6433D100239C36 /* SAUser.swift */; };
		BA491FCC1B6433D100239C36 /* SAValidationDelegate.swift in Sources */ = {isa = PBXBuildFile; fileRef = BA491FC21B6433D100239C36 /* SAValidationDelegate.swift */; };
		BA491FD81B6433EC00239C36 /* RandomFixtureData.swift in Sources */ = {isa = PBXBuildFile; fileRef = BA491FCE1B6433EC00239C36 /* RandomFixtureData.swift */; };
		BA491FD91B6433EC00239C36 /* SAContactInfoTests.swift in Sources */ = {isa = PBXBuildFile; fileRef = BA491FCF1B6433EC00239C36 /* SAContactInfoTests.swift */; };
		BA491FDA1B6433EC00239C36 /* SADateRangeTests.swift in Sources */ = {isa = PBXBuildFile; fileRef = BA491FD01B6433EC00239C36 /* SADateRangeTests.swift */; };
		BA491FDB1B6433EC00239C36 /* SADateTimeCalculatorTests.swift in Sources */ = {isa = PBXBuildFile; fileRef = BA491FD11B6433EC00239C36 /* SADateTimeCalculatorTests.swift */; };
		BA491FDC1B6433EC00239C36 /* SADocumentIdentifierTests.swift in Sources */ = {isa = PBXBuildFile; fileRef = BA491FD21B6433EC00239C36 /* SADocumentIdentifierTests.swift */; };
		BA491FDD1B6433EC00239C36 /* SAOrgTests.swift in Sources */ = {isa = PBXBuildFile; fileRef = BA491FD31B6433EC00239C36 /* SAOrgTests.swift */; };
		BA491FDE1B6433EC00239C36 /* SAUniqueTests.swift in Sources */ = {isa = PBXBuildFile; fileRef = BA491FD41B6433EC00239C36 /* SAUniqueTests.swift */; };
		BA491FDF1B6433EC00239C36 /* SAUserTests.swift in Sources */ = {isa = PBXBuildFile; fileRef = BA491FD51B6433EC00239C36 /* SAUserTests.swift */; };
		BA491FE01B6433EC00239C36 /* SAValidationDelegateTests.swift in Sources */ = {isa = PBXBuildFile; fileRef = BA491FD61B6433EC00239C36 /* SAValidationDelegateTests.swift */; };
		BA491FE11B6433EC00239C36 /* TestDataset.swift in Sources */ = {isa = PBXBuildFile; fileRef = BA491FD71B6433EC00239C36 /* TestDataset.swift */; };
		BA4BB3DB1BAF31D9005BD770 /* SAUpdateQueue.swift in Sources */ = {isa = PBXBuildFile; fileRef = BA4BB3DA1BAF31D9005BD770 /* SAUpdateQueue.swift */; };
		BA4BB3DD1BAF3200005BD770 /* SAUpdateQueueTests.swift in Sources */ = {isa = PBXBuildFile; fileRef = BA4BB3DC1BAF3200005BD770 /* SAUpdateQueueTests.swift */; };
		BAF6C6E51B810AF500C1B4BE /* SAStack.swift in Sources */ = {isa = PBXBuildFile; fileRef = BAF6C6E41B810AF500C1B4BE /* SAStack.swift */; };
		BAF6C6E71B810B0D00C1B4BE /* SAStackTests.swift in Sources */ = {isa = PBXBuildFile; fileRef = BAF6C6E61B810B0D00C1B4BE /* SAStackTests.swift */; };
		BAF6C6E91B81195E00C1B4BE /* SAUndoRedoTests.swift in Sources */ = {isa = PBXBuildFile; fileRef = BAF6C6E81B81195E00C1B4BE /* SAUndoRedoTests.swift */; };
		BAF6C6EB1B8119C700C1B4BE /* SAUndoRedo.swift in Sources */ = {isa = PBXBuildFile; fileRef = BAF6C6EA1B8119C700C1B4BE /* SAUndoRedo.swift */; };
		BAFD32DC1BAF363E003ACF8F /* SATimerTests.swift in Sources */ = {isa = PBXBuildFile; fileRef = BAFD32DB1BAF363E003ACF8F /* SATimerTests.swift */; };
		BAFD32DE1BAF369A003ACF8F /* SATimer.swift in Sources */ = {isa = PBXBuildFile; fileRef = BAFD32DD1BAF369A003ACF8F /* SATimer.swift */; };
/* End PBXBuildFile section */

/* Begin PBXContainerItemProxy section */
		BA491FAB1B64333000239C36 /* PBXContainerItemProxy */ = {
			isa = PBXContainerItemProxy;
			containerPortal = BA491F961B64333000239C36 /* Project object */;
			proxyType = 1;
			remoteGlobalIDString = BA491F9E1B64333000239C36;
			remoteInfo = SaguaroDataModel;
		};
/* End PBXContainerItemProxy section */

/* Begin PBXFileReference section */
		209353184FCCDF7F1BA82818 /* Pods_SaguaroDataModelTests.framework */ = {isa = PBXFileReference; explicitFileType = wrapper.framework; includeInIndex = 0; path = Pods_SaguaroDataModelTests.framework; sourceTree = BUILT_PRODUCTS_DIR; };
		2F3715D467C95BC1F3C2EC14 /* Pods-SaguaroDataModelTests.release.xcconfig */ = {isa = PBXFileReference; includeInIndex = 1; lastKnownFileType = text.xcconfig; name = "Pods-SaguaroDataModelTests.release.xcconfig"; path = "Pods/Target Support Files/Pods-SaguaroDataModelTests/Pods-SaguaroDataModelTests.release.xcconfig"; sourceTree = "<group>"; };
		6B29B39F79D25AAA93AA05F8 /* Pods-SaguaroDataModelTests.debug.xcconfig */ = {isa = PBXFileReference; includeInIndex = 1; lastKnownFileType = text.xcconfig; name = "Pods-SaguaroDataModelTests.debug.xcconfig"; path = "Pods/Target Support Files/Pods-SaguaroDataModelTests/Pods-SaguaroDataModelTests.debug.xcconfig"; sourceTree = "<group>"; };
		AFD8E8CAC8E1BAB4644FF64A /* Pods_SaguaroDataModel.framework */ = {isa = PBXFileReference; explicitFileType = wrapper.framework; includeInIndex = 0; path = Pods_SaguaroDataModel.framework; sourceTree = BUILT_PRODUCTS_DIR; };
		BA491F9F1B64333000239C36 /* SaguaroDataModel.framework */ = {isa = PBXFileReference; explicitFileType = wrapper.framework; includeInIndex = 0; path = SaguaroDataModel.framework; sourceTree = BUILT_PRODUCTS_DIR; };
		BA491FA21B64333000239C36 /* SaguaroDataModel.h */ = {isa = PBXFileReference; lastKnownFileType = sourcecode.c.h; path = SaguaroDataModel.h; sourceTree = "<group>"; };
		BA491FA41B64333000239C36 /* Info.plist */ = {isa = PBXFileReference; lastKnownFileType = text.plist.xml; path = Info.plist; sourceTree = "<group>"; };
		BA491FA91B64333000239C36 /* SaguaroDataModelTests.xctest */ = {isa = PBXFileReference; explicitFileType = wrapper.cfbundle; includeInIndex = 0; path = SaguaroDataModelTests.xctest; sourceTree = BUILT_PRODUCTS_DIR; };
		BA491FB01B64333000239C36 /* Info.plist */ = {isa = PBXFileReference; lastKnownFileType = text.plist.xml; path = Info.plist; sourceTree = "<group>"; };
		BA491FBA1B6433D100239C36 /* SAContactInfo.swift */ = {isa = PBXFileReference; fileEncoding = 4; lastKnownFileType = sourcecode.swift; path = SAContactInfo.swift; sourceTree = "<group>"; };
		BA491FBC1B6433D100239C36 /* SADateRange.swift */ = {isa = PBXFileReference; fileEncoding = 4; lastKnownFileType = sourcecode.swift; path = SADateRange.swift; sourceTree = "<group>"; };
		BA491FBD1B6433D100239C36 /* SADateTimeCalculator.swift */ = {isa = PBXFileReference; fileEncoding = 4; lastKnownFileType = sourcecode.swift; path = SADateTimeCalculator.swift; sourceTree = "<group>"; };
		BA491FBE1B6433D100239C36 /* SADocumentIdentifier.swift */ = {isa = PBXFileReference; fileEncoding = 4; lastKnownFileType = sourcecode.swift; path = SADocumentIdentifier.swift; sourceTree = "<group>"; };
		BA491FBF1B6433D100239C36 /* SAOrg.swift */ = {isa = PBXFileReference; fileEncoding = 4; lastKnownFileType = sourcecode.swift; path = SAOrg.swift; sourceTree = "<group>"; };
		BA491FC01B6433D100239C36 /* SAUnique.swift */ = {isa = PBXFileReference; fileEncoding = 4; lastKnownFileType = sourcecode.swift; path = SAUnique.swift; sourceTree = "<group>"; };
		BA491FC11B6433D100239C36 /* SAUser.swift */ = {isa = PBXFileReference; fileEncoding = 4; lastKnownFileType = sourcecode.swift; path = SAUser.swift; sourceTree = "<group>"; };
		BA491FC21B6433D100239C36 /* SAValidationDelegate.swift */ = {isa = PBXFileReference; fileEncoding = 4; lastKnownFileType = sourcecode.swift; path = SAValidationDelegate.swift; sourceTree = "<group>"; };
		BA491FCD1B6433EB00239C36 /* SaguaroDataModelTests-Bridging-Header.h */ = {isa = PBXFileReference; lastKnownFileType = sourcecode.c.h; path = "SaguaroDataModelTests-Bridging-Header.h"; sourceTree = "<group>"; };
		BA491FCE1B6433EC00239C36 /* RandomFixtureData.swift */ = {isa = PBXFileReference; fileEncoding = 4; lastKnownFileType = sourcecode.swift; path = RandomFixtureData.swift; sourceTree = "<group>"; };
		BA491FCF1B6433EC00239C36 /* SAContactInfoTests.swift */ = {isa = PBXFileReference; fileEncoding = 4; lastKnownFileType = sourcecode.swift; path = SAContactInfoTests.swift; sourceTree = "<group>"; };
		BA491FD01B6433EC00239C36 /* SADateRangeTests.swift */ = {isa = PBXFileReference; fileEncoding = 4; lastKnownFileType = sourcecode.swift; path = SADateRangeTests.swift; sourceTree = "<group>"; };
		BA491FD11B6433EC00239C36 /* SADateTimeCalculatorTests.swift */ = {isa = PBXFileReference; fileEncoding = 4; lastKnownFileType = sourcecode.swift; path = SADateTimeCalculatorTests.swift; sourceTree = "<group>"; };
		BA491FD21B6433EC00239C36 /* SADocumentIdentifierTests.swift */ = {isa = PBXFileReference; fileEncoding = 4; lastKnownFileType = sourcecode.swift; path = SADocumentIdentifierTests.swift; sourceTree = "<group>"; };
		BA491FD31B6433EC00239C36 /* SAOrgTests.swift */ = {isa = PBXFileReference; fileEncoding = 4; lastKnownFileType = sourcecode.swift; path = SAOrgTests.swift; sourceTree = "<group>"; };
		BA491FD41B6433EC00239C36 /* SAUniqueTests.swift */ = {isa = PBXFileReference; fileEncoding = 4; lastKnownFileType = sourcecode.swift; path = SAUniqueTests.swift; sourceTree = "<group>"; };
		BA491FD51B6433EC00239C36 /* SAUserTests.swift */ = {isa = PBXFileReference; fileEncoding = 4; lastKnownFileType = sourcecode.swift; path = SAUserTests.swift; sourceTree = "<group>"; };
		BA491FD61B6433EC00239C36 /* SAValidationDelegateTests.swift */ = {isa = PBXFileReference; fileEncoding = 4; lastKnownFileType = sourcecode.swift; path = SAValidationDelegateTests.swift; sourceTree = "<group>"; };
		BA491FD71B6433EC00239C36 /* TestDataset.swift */ = {isa = PBXFileReference; fileEncoding = 4; lastKnownFileType = sourcecode.swift; path = TestDataset.swift; sourceTree = "<group>"; };
		BA4BB3DA1BAF31D9005BD770 /* SAUpdateQueue.swift */ = {isa = PBXFileReference; fileEncoding = 4; lastKnownFileType = sourcecode.swift; path = SAUpdateQueue.swift; sourceTree = "<group>"; };
		BA4BB3DC1BAF3200005BD770 /* SAUpdateQueueTests.swift */ = {isa = PBXFileReference; fileEncoding = 4; lastKnownFileType = sourcecode.swift; path = SAUpdateQueueTests.swift; sourceTree = "<group>"; };
		BAF6C6E41B810AF500C1B4BE /* SAStack.swift */ = {isa = PBXFileReference; fileEncoding = 4; lastKnownFileType = sourcecode.swift; path = SAStack.swift; sourceTree = "<group>"; };
		BAF6C6E61B810B0D00C1B4BE /* SAStackTests.swift */ = {isa = PBXFileReference; fileEncoding = 4; lastKnownFileType = sourcecode.swift; path = SAStackTests.swift; sourceTree = "<group>"; };
		BAF6C6E81B81195E00C1B4BE /* SAUndoRedoTests.swift */ = {isa = PBXFileReference; fileEncoding = 4; lastKnownFileType = sourcecode.swift; path = SAUndoRedoTests.swift; sourceTree = "<group>"; };
		BAF6C6EA1B8119C700C1B4BE /* SAUndoRedo.swift */ = {isa = PBXFileReference; fileEncoding = 4; lastKnownFileType = sourcecode.swift; path = SAUndoRedo.swift; sourceTree = "<group>"; };
		BAFD32DB1BAF363E003ACF8F /* SATimerTests.swift */ = {isa = PBXFileReference; fileEncoding = 4; lastKnownFileType = sourcecode.swift; path = SATimerTests.swift; sourceTree = "<group>"; };
		BAFD32DD1BAF369A003ACF8F /* SATimer.swift */ = {isa = PBXFileReference; fileEncoding = 4; lastKnownFileType = sourcecode.swift; path = SATimer.swift; sourceTree = "<group>"; };
		E2A171EA6E64CA872A0A5CCC /* Pods-SaguaroDataModel.debug.xcconfig */ = {isa = PBXFileReference; includeInIndex = 1; lastKnownFileType = text.xcconfig; name = "Pods-SaguaroDataModel.debug.xcconfig"; path = "Pods/Target Support Files/Pods-SaguaroDataModel/Pods-SaguaroDataModel.debug.xcconfig"; sourceTree = "<group>"; };
		FE7AEF8938F3509ED6F4C7FD /* Pods-SaguaroDataModel.release.xcconfig */ = {isa = PBXFileReference; includeInIndex = 1; lastKnownFileType = text.xcconfig; name = "Pods-SaguaroDataModel.release.xcconfig"; path = "Pods/Target Support Files/Pods-SaguaroDataModel/Pods-SaguaroDataModel.release.xcconfig"; sourceTree = "<group>"; };
/* End PBXFileReference section */

/* Begin PBXFrameworksBuildPhase section */
		BA491F9B1B64333000239C36 /* Frameworks */ = {
			isa = PBXFrameworksBuildPhase;
			buildActionMask = 2147483647;
			files = (
				4BC1A69F880B1153683C51EE /* Pods_SaguaroDataModel.framework in Frameworks */,
			);
			runOnlyForDeploymentPostprocessing = 0;
		};
		BA491FA61B64333000239C36 /* Frameworks */ = {
			isa = PBXFrameworksBuildPhase;
			buildActionMask = 2147483647;
			files = (
				BA491FAA1B64333000239C36 /* SaguaroDataModel.framework in Frameworks */,
				A84DC33B5694BAA5D0EEFD6C /* Pods_SaguaroDataModelTests.framework in Frameworks */,
			);
			runOnlyForDeploymentPostprocessing = 0;
		};
/* End PBXFrameworksBuildPhase section */

/* Begin PBXGroup section */
		0BD1D18EDB1694AF2DAABA8D /* Frameworks */ = {
			isa = PBXGroup;
			children = (
				AFD8E8CAC8E1BAB4644FF64A /* Pods_SaguaroDataModel.framework */,
				209353184FCCDF7F1BA82818 /* Pods_SaguaroDataModelTests.framework */,
			);
			name = Frameworks;
			sourceTree = "<group>";
		};
		6EB6F9C50509E04ABD793F5F /* Pods */ = {
			isa = PBXGroup;
			children = (
				E2A171EA6E64CA872A0A5CCC /* Pods-SaguaroDataModel.debug.xcconfig */,
				FE7AEF8938F3509ED6F4C7FD /* Pods-SaguaroDataModel.release.xcconfig */,
				6B29B39F79D25AAA93AA05F8 /* Pods-SaguaroDataModelTests.debug.xcconfig */,
				2F3715D467C95BC1F3C2EC14 /* Pods-SaguaroDataModelTests.release.xcconfig */,
			);
			name = Pods;
			sourceTree = "<group>";
		};
		BA491F951B64333000239C36 = {
			isa = PBXGroup;
			children = (
				BA491FA11B64333000239C36 /* SaguaroDataModel */,
				BA491FAD1B64333000239C36 /* SaguaroDataModelTests */,
				BA491FA01B64333000239C36 /* Products */,
				6EB6F9C50509E04ABD793F5F /* Pods */,
				0BD1D18EDB1694AF2DAABA8D /* Frameworks */,
			);
			sourceTree = "<group>";
		};
		BA491FA01B64333000239C36 /* Products */ = {
			isa = PBXGroup;
			children = (
				BA491F9F1B64333000239C36 /* SaguaroDataModel.framework */,
				BA491FA91B64333000239C36 /* SaguaroDataModelTests.xctest */,
			);
			name = Products;
			sourceTree = "<group>";
		};
		BA491FA11B64333000239C36 /* SaguaroDataModel */ = {
			isa = PBXGroup;
			children = (
				BA491FBA1B6433D100239C36 /* SAContactInfo.swift */,
				BA491FBC1B6433D100239C36 /* SADateRange.swift */,
				BA491FBD1B6433D100239C36 /* SADateTimeCalculator.swift */,
				BA491FBE1B6433D100239C36 /* SADocumentIdentifier.swift */,
				BA491FBF1B6433D100239C36 /* SAOrg.swift */,
				BAF6C6E41B810AF500C1B4BE /* SAStack.swift */,
				BAFD32DD1BAF369A003ACF8F /* SATimer.swift */,
				BA491FC01B6433D100239C36 /* SAUnique.swift */,
				BA491FC11B6433D100239C36 /* SAUser.swift */,
				BAF6C6EA1B8119C700C1B4BE /* SAUndoRedo.swift */,
				BA4BB3DA1BAF31D9005BD770 /* SAUpdateQueue.swift */,
				BA491FC21B6433D100239C36 /* SAValidationDelegate.swift */,
				BA491FA21B64333000239C36 /* SaguaroDataModel.h */,
				BA491FA41B64333000239C36 /* Info.plist */,
			);
			path = SaguaroDataModel;
			sourceTree = "<group>";
		};
		BA491FAD1B64333000239C36 /* SaguaroDataModelTests */ = {
			isa = PBXGroup;
			children = (
				BA491FCE1B6433EC00239C36 /* RandomFixtureData.swift */,
				BA491FCF1B6433EC00239C36 /* SAContactInfoTests.swift */,
				BA491FD01B6433EC00239C36 /* SADateRangeTests.swift */,
				BA491FD11B6433EC00239C36 /* SADateTimeCalculatorTests.swift */,
				BA491FD21B6433EC00239C36 /* SADocumentIdentifierTests.swift */,
				BA491FD31B6433EC00239C36 /* SAOrgTests.swift */,
				BAF6C6E61B810B0D00C1B4BE /* SAStackTests.swift */,
				BAFD32DB1BAF363E003ACF8F /* SATimerTests.swift */,
				BAF6C6E81B81195E00C1B4BE /* SAUndoRedoTests.swift */,
				BA491FD41B6433EC00239C36 /* SAUniqueTests.swift */,
				BA491FD51B6433EC00239C36 /* SAUserTests.swift */,
				BA4BB3DC1BAF3200005BD770 /* SAUpdateQueueTests.swift */,
				BA491FD61B6433EC00239C36 /* SAValidationDelegateTests.swift */,
				BA491FD71B6433EC00239C36 /* TestDataset.swift */,
				BA491FB01B64333000239C36 /* Info.plist */,
				BA491FCD1B6433EB00239C36 /* SaguaroDataModelTests-Bridging-Header.h */,
			);
			path = SaguaroDataModelTests;
			sourceTree = "<group>";
		};
/* End PBXGroup section */

/* Begin PBXHeadersBuildPhase section */
		BA491F9C1B64333000239C36 /* Headers */ = {
			isa = PBXHeadersBuildPhase;
			buildActionMask = 2147483647;
			files = (
				BA491FA31B64333000239C36 /* SaguaroDataModel.h in Headers */,
			);
			runOnlyForDeploymentPostprocessing = 0;
		};
/* End PBXHeadersBuildPhase section */

/* Begin PBXNativeTarget section */
		BA491F9E1B64333000239C36 /* SaguaroDataModel */ = {
			isa = PBXNativeTarget;
			buildConfigurationList = BA491FB31B64333000239C36 /* Build configuration list for PBXNativeTarget "SaguaroDataModel" */;
			buildPhases = (
				7E50899A639A3CA1B5867C38 /* Check Pods Manifest.lock */,
				BA491F9A1B64333000239C36 /* Sources */,
				BA491F9B1B64333000239C36 /* Frameworks */,
				BA491F9C1B64333000239C36 /* Headers */,
				BA491F9D1B64333000239C36 /* Resources */,
				87D3EAC707BBAEF0CA219598 /* Copy Pods Resources */,
			);
			buildRules = (
			);
			dependencies = (
			);
			name = SaguaroDataModel;
			productName = SaguaroDataModel;
			productReference = BA491F9F1B64333000239C36 /* SaguaroDataModel.framework */;
			productType = "com.apple.product-type.framework";
		};
		BA491FA81B64333000239C36 /* SaguaroDataModelTests */ = {
			isa = PBXNativeTarget;
			buildConfigurationList = BA491FB61B64333000239C36 /* Build configuration list for PBXNativeTarget "SaguaroDataModelTests" */;
			buildPhases = (
				D83B9628FB7187F385BC4EA1 /* Check Pods Manifest.lock */,
				BA491FA51B64333000239C36 /* Sources */,
				BA491FA61B64333000239C36 /* Frameworks */,
				BA491FA71B64333000239C36 /* Resources */,
				92EB68EC438F4C525D7F522F /* Embed Pods Frameworks */,
				DA93D0522DC66FE36FC7EBE2 /* Copy Pods Resources */,
			);
			buildRules = (
			);
			dependencies = (
				BA491FAC1B64333000239C36 /* PBXTargetDependency */,
			);
			name = SaguaroDataModelTests;
			productName = SaguaroDataModelTests;
			productReference = BA491FA91B64333000239C36 /* SaguaroDataModelTests.xctest */;
			productType = "com.apple.product-type.bundle.unit-test";
		};
/* End PBXNativeTarget section */

/* Begin PBXProject section */
		BA491F961B64333000239C36 /* Project object */ = {
			isa = PBXProject;
			attributes = {
				LastSwiftUpdateCheck = 0700;
				LastUpgradeCheck = 0700;
				ORGANIZATIONNAME = "darryl west";
				TargetAttributes = {
					BA491F9E1B64333000239C36 = {
						CreatedOnToolsVersion = 7.0;
					};
					BA491FA81B64333000239C36 = {
						CreatedOnToolsVersion = 7.0;
					};
				};
			};
			buildConfigurationList = BA491F991B64333000239C36 /* Build configuration list for PBXProject "SaguaroDataModel" */;
			compatibilityVersion = "Xcode 3.2";
			developmentRegion = English;
			hasScannedForEncodings = 0;
			knownRegions = (
				en,
			);
			mainGroup = BA491F951B64333000239C36;
			productRefGroup = BA491FA01B64333000239C36 /* Products */;
			projectDirPath = "";
			projectRoot = "";
			targets = (
				BA491F9E1B64333000239C36 /* SaguaroDataModel */,
				BA491FA81B64333000239C36 /* SaguaroDataModelTests */,
			);
		};
/* End PBXProject section */

/* Begin PBXResourcesBuildPhase section */
		BA491F9D1B64333000239C36 /* Resources */ = {
			isa = PBXResourcesBuildPhase;
			buildActionMask = 2147483647;
			files = (
			);
			runOnlyForDeploymentPostprocessing = 0;
		};
		BA491FA71B64333000239C36 /* Resources */ = {
			isa = PBXResourcesBuildPhase;
			buildActionMask = 2147483647;
			files = (
			);
			runOnlyForDeploymentPostprocessing = 0;
		};
/* End PBXResourcesBuildPhase section */

/* Begin PBXShellScriptBuildPhase section */
		7E50899A639A3CA1B5867C38 /* Check Pods Manifest.lock */ = {
			isa = PBXShellScriptBuildPhase;
			buildActionMask = 2147483647;
			files = (
			);
			inputPaths = (
			);
			name = "Check Pods Manifest.lock";
			outputPaths = (
			);
			runOnlyForDeploymentPostprocessing = 0;
			shellPath = /bin/sh;
			shellScript = "diff \"${PODS_ROOT}/../Podfile.lock\" \"${PODS_ROOT}/Manifest.lock\" > /dev/null\nif [[ $? != 0 ]] ; then\n    cat << EOM\nerror: The sandbox is not in sync with the Podfile.lock. Run 'pod install' or update your CocoaPods installation.\nEOM\n    exit 1\nfi\n";
			showEnvVarsInLog = 0;
		};
		87D3EAC707BBAEF0CA219598 /* Copy Pods Resources */ = {
			isa = PBXShellScriptBuildPhase;
			buildActionMask = 2147483647;
			files = (
			);
			inputPaths = (
			);
			name = "Copy Pods Resources";
			outputPaths = (
			);
			runOnlyForDeploymentPostprocessing = 0;
			shellPath = /bin/sh;
			shellScript = "\"${SRCROOT}/Pods/Target Support Files/Pods-SaguaroDataModel/Pods-SaguaroDataModel-resources.sh\"\n";
			showEnvVarsInLog = 0;
		};
		92EB68EC438F4C525D7F522F /* Embed Pods Frameworks */ = {
			isa = PBXShellScriptBuildPhase;
			buildActionMask = 2147483647;
			files = (
			);
			inputPaths = (
			);
			name = "Embed Pods Frameworks";
			outputPaths = (
			);
			runOnlyForDeploymentPostprocessing = 0;
			shellPath = /bin/sh;
			shellScript = "\"${SRCROOT}/Pods/Target Support Files/Pods-SaguaroDataModelTests/Pods-SaguaroDataModelTests-frameworks.sh\"\n";
			showEnvVarsInLog = 0;
		};
		D83B9628FB7187F385BC4EA1 /* Check Pods Manifest.lock */ = {
			isa = PBXShellScriptBuildPhase;
			buildActionMask = 2147483647;
			files = (
			);
			inputPaths = (
			);
			name = "Check Pods Manifest.lock";
			outputPaths = (
			);
			runOnlyForDeploymentPostprocessing = 0;
			shellPath = /bin/sh;
			shellScript = "diff \"${PODS_ROOT}/../Podfile.lock\" \"${PODS_ROOT}/Manifest.lock\" > /dev/null\nif [[ $? != 0 ]] ; then\n    cat << EOM\nerror: The sandbox is not in sync with the Podfile.lock. Run 'pod install' or update your CocoaPods installation.\nEOM\n    exit 1\nfi\n";
			showEnvVarsInLog = 0;
		};
		DA93D0522DC66FE36FC7EBE2 /* Copy Pods Resources */ = {
			isa = PBXShellScriptBuildPhase;
			buildActionMask = 2147483647;
			files = (
			);
			inputPaths = (
			);
			name = "Copy Pods Resources";
			outputPaths = (
			);
			runOnlyForDeploymentPostprocessing = 0;
			shellPath = /bin/sh;
			shellScript = "\"${SRCROOT}/Pods/Target Support Files/Pods-SaguaroDataModelTests/Pods-SaguaroDataModelTests-resources.sh\"\n";
			showEnvVarsInLog = 0;
		};
/* End PBXShellScriptBuildPhase section */

/* Begin PBXSourcesBuildPhase section */
		BA491F9A1B64333000239C36 /* Sources */ = {
			isa = PBXSourcesBuildPhase;
			buildActionMask = 2147483647;
			files = (
				BA491FC91B6433D100239C36 /* SAOrg.swift in Sources */,
				BAF6C6EB1B8119C700C1B4BE /* SAUndoRedo.swift in Sources */,
				BA491FC41B6433D100239C36 /* SAContactInfo.swift in Sources */,
				BA491FC81B6433D100239C36 /* SADocumentIdentifier.swift in Sources */,
				BA491FC71B6433D100239C36 /* SADateTimeCalculator.swift in Sources */,
				BA491FCA1B6433D100239C36 /* SAUnique.swift in Sources */,
				BA491FCC1B6433D100239C36 /* SAValidationDelegate.swift in Sources */,
				BA491FCB1B6433D100239C36 /* SAUser.swift in Sources */,
				BAF6C6E51B810AF500C1B4BE /* SAStack.swift in Sources */,
				BAFD32DE1BAF369A003ACF8F /* SATimer.swift in Sources */,
				BA491FC61B6433D100239C36 /* SADateRange.swift in Sources */,
				BA4BB3DB1BAF31D9005BD770 /* SAUpdateQueue.swift in Sources */,
			);
			runOnlyForDeploymentPostprocessing = 0;
		};
		BA491FA51B64333000239C36 /* Sources */ = {
			isa = PBXSourcesBuildPhase;
			buildActionMask = 2147483647;
			files = (
				BA491FE11B6433EC00239C36 /* TestDataset.swift in Sources */,
				BA4BB3DD1BAF3200005BD770 /* SAUpdateQueueTests.swift in Sources */,
				BA491FE01B6433EC00239C36 /* SAValidationDelegateTests.swift in Sources */,
				BA491FDB1B6433EC00239C36 /* SADateTimeCalculatorTests.swift in Sources */,
				BA491FD91B6433EC00239C36 /* SAContactInfoTests.swift in Sources */,
				BA491FDF1B6433EC00239C36 /* SAUserTests.swift in Sources */,
				BA491FDD1B6433EC00239C36 /* SAOrgTests.swift in Sources */,
				BA491FDA1B6433EC00239C36 /* SADateRangeTests.swift in Sources */,
				BA491FDC1B6433EC00239C36 /* SADocumentIdentifierTests.swift in Sources */,
				BA491FDE1B6433EC00239C36 /* SAUniqueTests.swift in Sources */,
				BAF6C6E71B810B0D00C1B4BE /* SAStackTests.swift in Sources */,
				BA491FD81B6433EC00239C36 /* RandomFixtureData.swift in Sources */,
				BAF6C6E91B81195E00C1B4BE /* SAUndoRedoTests.swift in Sources */,
				BAFD32DC1BAF363E003ACF8F /* SATimerTests.swift in Sources */,
			);
			runOnlyForDeploymentPostprocessing = 0;
		};
/* End PBXSourcesBuildPhase section */

/* Begin PBXTargetDependency section */
		BA491FAC1B64333000239C36 /* PBXTargetDependency */ = {
			isa = PBXTargetDependency;
			target = BA491F9E1B64333000239C36 /* SaguaroDataModel */;
			targetProxy = BA491FAB1B64333000239C36 /* PBXContainerItemProxy */;
		};
/* End PBXTargetDependency section */

/* Begin XCBuildConfiguration section */
		BA491FB11B64333000239C36 /* Debug */ = {
			isa = XCBuildConfiguration;
			buildSettings = {
				ALWAYS_SEARCH_USER_PATHS = NO;
				CLANG_CXX_LANGUAGE_STANDARD = "gnu++0x";
				CLANG_CXX_LIBRARY = "libc++";
				CLANG_ENABLE_MODULES = YES;
				CLANG_ENABLE_OBJC_ARC = YES;
				CLANG_WARN_BOOL_CONVERSION = YES;
				CLANG_WARN_CONSTANT_CONVERSION = YES;
				CLANG_WARN_DIRECT_OBJC_ISA_USAGE = YES_ERROR;
				CLANG_WARN_EMPTY_BODY = YES;
				CLANG_WARN_ENUM_CONVERSION = YES;
				CLANG_WARN_INT_CONVERSION = YES;
				CLANG_WARN_OBJC_ROOT_CLASS = YES_ERROR;
				CLANG_WARN_UNREACHABLE_CODE = YES;
				CLANG_WARN__DUPLICATE_METHOD_MATCH = YES;
				"CODE_SIGN_IDENTITY[sdk=iphoneos*]" = "iPhone Developer";
				COPY_PHASE_STRIP = NO;
				CURRENT_PROJECT_VERSION = 1;
				DEBUG_INFORMATION_FORMAT = dwarf;
				ENABLE_STRICT_OBJC_MSGSEND = YES;
				ENABLE_TESTABILITY = YES;
				GCC_C_LANGUAGE_STANDARD = gnu99;
				GCC_DYNAMIC_NO_PIC = NO;
				GCC_NO_COMMON_BLOCKS = YES;
				GCC_OPTIMIZATION_LEVEL = 0;
				GCC_PREPROCESSOR_DEFINITIONS = (
					"DEBUG=1",
					"$(inherited)",
				);
				GCC_WARN_64_TO_32_BIT_CONVERSION = YES;
				GCC_WARN_ABOUT_RETURN_TYPE = YES_ERROR;
				GCC_WARN_UNDECLARED_SELECTOR = YES;
				GCC_WARN_UNINITIALIZED_AUTOS = YES_AGGRESSIVE;
				GCC_WARN_UNUSED_FUNCTION = YES;
				GCC_WARN_UNUSED_VARIABLE = YES;
				IPHONEOS_DEPLOYMENT_TARGET = 9.0;
				MTL_ENABLE_DEBUG_INFO = YES;
				ONLY_ACTIVE_ARCH = YES;
				SDKROOT = iphoneos;
				SWIFT_OPTIMIZATION_LEVEL = "-Onone";
				TARGETED_DEVICE_FAMILY = "1,2";
				VERSIONING_SYSTEM = "apple-generic";
				VERSION_INFO_PREFIX = "";
			};
			name = Debug;
		};
		BA491FB21B64333000239C36 /* Release */ = {
			isa = XCBuildConfiguration;
			buildSettings = {
				ALWAYS_SEARCH_USER_PATHS = NO;
				CLANG_CXX_LANGUAGE_STANDARD = "gnu++0x";
				CLANG_CXX_LIBRARY = "libc++";
				CLANG_ENABLE_MODULES = YES;
				CLANG_ENABLE_OBJC_ARC = YES;
				CLANG_WARN_BOOL_CONVERSION = YES;
				CLANG_WARN_CONSTANT_CONVERSION = YES;
				CLANG_WARN_DIRECT_OBJC_ISA_USAGE = YES_ERROR;
				CLANG_WARN_EMPTY_BODY = YES;
				CLANG_WARN_ENUM_CONVERSION = YES;
				CLANG_WARN_INT_CONVERSION = YES;
				CLANG_WARN_OBJC_ROOT_CLASS = YES_ERROR;
				CLANG_WARN_UNREACHABLE_CODE = YES;
				CLANG_WARN__DUPLICATE_METHOD_MATCH = YES;
				"CODE_SIGN_IDENTITY[sdk=iphoneos*]" = "iPhone Developer";
				COPY_PHASE_STRIP = NO;
				CURRENT_PROJECT_VERSION = 1;
				DEBUG_INFORMATION_FORMAT = "dwarf-with-dsym";
				ENABLE_NS_ASSERTIONS = NO;
				ENABLE_STRICT_OBJC_MSGSEND = YES;
				GCC_C_LANGUAGE_STANDARD = gnu99;
				GCC_NO_COMMON_BLOCKS = YES;
				GCC_WARN_64_TO_32_BIT_CONVERSION = YES;
				GCC_WARN_ABOUT_RETURN_TYPE = YES_ERROR;
				GCC_WARN_UNDECLARED_SELECTOR = YES;
				GCC_WARN_UNINITIALIZED_AUTOS = YES_AGGRESSIVE;
				GCC_WARN_UNUSED_FUNCTION = YES;
				GCC_WARN_UNUSED_VARIABLE = YES;
				IPHONEOS_DEPLOYMENT_TARGET = 9.0;
				MTL_ENABLE_DEBUG_INFO = NO;
				SDKROOT = iphoneos;
				TARGETED_DEVICE_FAMILY = "1,2";
				VALIDATE_PRODUCT = YES;
				VERSIONING_SYSTEM = "apple-generic";
				VERSION_INFO_PREFIX = "";
			};
			name = Release;
		};
		BA491FB41B64333000239C36 /* Debug */ = {
			isa = XCBuildConfiguration;
			baseConfigurationReference = E2A171EA6E64CA872A0A5CCC /* Pods-SaguaroDataModel.debug.xcconfig */;
			buildSettings = {
				CLANG_ENABLE_MODULES = YES;
				DEFINES_MODULE = YES;
				DYLIB_COMPATIBILITY_VERSION = 1;
				DYLIB_CURRENT_VERSION = 1;
				DYLIB_INSTALL_NAME_BASE = "@rpath";
				INFOPLIST_FILE = SaguaroDataModel/Info.plist;
				INSTALL_PATH = "$(LOCAL_LIBRARY_DIR)/Frameworks";
				IPHONEOS_DEPLOYMENT_TARGET = 9.0;
				LD_RUNPATH_SEARCH_PATHS = "$(inherited) @executable_path/Frameworks @loader_path/Frameworks";
				PRODUCT_BUNDLE_IDENTIFIER = com.raincitysoftware.SaguaroDataModel;
				PRODUCT_NAME = "$(TARGET_NAME)";
				SKIP_INSTALL = YES;
				SWIFT_OPTIMIZATION_LEVEL = "-Onone";
			};
			name = Debug;
		};
		BA491FB51B64333000239C36 /* Release */ = {
			isa = XCBuildConfiguration;
			baseConfigurationReference = FE7AEF8938F3509ED6F4C7FD /* Pods-SaguaroDataModel.release.xcconfig */;
			buildSettings = {
				CLANG_ENABLE_MODULES = YES;
				DEFINES_MODULE = YES;
				DYLIB_COMPATIBILITY_VERSION = 1;
				DYLIB_CURRENT_VERSION = 1;
				DYLIB_INSTALL_NAME_BASE = "@rpath";
				INFOPLIST_FILE = SaguaroDataModel/Info.plist;
				INSTALL_PATH = "$(LOCAL_LIBRARY_DIR)/Frameworks";
				IPHONEOS_DEPLOYMENT_TARGET = 9.0;
				LD_RUNPATH_SEARCH_PATHS = "$(inherited) @executable_path/Frameworks @loader_path/Frameworks";
				PRODUCT_BUNDLE_IDENTIFIER = com.raincitysoftware.SaguaroDataModel;
				PRODUCT_NAME = "$(TARGET_NAME)";
				SKIP_INSTALL = YES;
			};
			name = Release;
		};
		BA491FB71B64333000239C36 /* Debug */ = {
			isa = XCBuildConfiguration;
			baseConfigurationReference = 6B29B39F79D25AAA93AA05F8 /* Pods-SaguaroDataModelTests.debug.xcconfig */;
			buildSettings = {
				CLANG_ENABLE_MODULES = YES;
				INFOPLIST_FILE = SaguaroDataModelTests/Info.plist;
				LD_RUNPATH_SEARCH_PATHS = "$(inherited) @executable_path/Frameworks @loader_path/Frameworks";
				PRODUCT_BUNDLE_IDENTIFIER = com.raincitysoftware.SaguaroDataModelTests;
				PRODUCT_NAME = "$(TARGET_NAME)";
				SWIFT_OBJC_BRIDGING_HEADER = "SaguaroDataModelTests/SaguaroDataModelTests-Bridging-Header.h";
				SWIFT_OPTIMIZATION_LEVEL = "-Onone";
			};
			name = Debug;
		};
		BA491FB81B64333000239C36 /* Release */ = {
			isa = XCBuildConfiguration;
			baseConfigurationReference = 2F3715D467C95BC1F3C2EC14 /* Pods-SaguaroDataModelTests.release.xcconfig */;
			buildSettings = {
				CLANG_ENABLE_MODULES = YES;
				INFOPLIST_FILE = SaguaroDataModelTests/Info.plist;
				LD_RUNPATH_SEARCH_PATHS = "$(inherited) @executable_path/Frameworks @loader_path/Frameworks";
				PRODUCT_BUNDLE_IDENTIFIER = com.raincitysoftware.SaguaroDataModelTests;
				PRODUCT_NAME = "$(TARGET_NAME)";
				SWIFT_OBJC_BRIDGING_HEADER = "SaguaroDataModelTests/SaguaroDataModelTests-Bridging-Header.h";
			};
			name = Release;
		};
/* End XCBuildConfiguration section */

/* Begin XCConfigurationList section */
		BA491F991B64333000239C36 /* Build configuration list for PBXProject "SaguaroDataModel" */ = {
			isa = XCConfigurationList;
			buildConfigurations = (
				BA491FB11B64333000239C36 /* Debug */,
				BA491FB21B64333000239C36 /* Release */,
			);
			defaultConfigurationIsVisible = 0;
			defaultConfigurationName = Release;
		};
		BA491FB31B64333000239C36 /* Build configuration list for PBXNativeTarget "SaguaroDataModel" */ = {
			isa = XCConfigurationList;
			buildConfigurations = (
				BA491FB41B64333000239C36 /* Debug */,
				BA491FB51B64333000239C36 /* Release */,
			);
			defaultConfigurationIsVisible = 0;
			defaultConfigurationName = Release;
		};
		BA491FB61B64333000239C36 /* Build configuration list for PBXNativeTarget "SaguaroDataModelTests" */ = {
			isa = XCConfigurationList;
			buildConfigurations = (
				BA491FB71B64333000239C36 /* Debug */,
				BA491FB81B64333000239C36 /* Release */,
			);
			defaultConfigurationIsVisible = 0;
			defaultConfigurationName = Release;
		};
/* End XCConfigurationList section */
	};
	rootObject = BA491F961B64333000239C36 /* Project object */;
}
